
Microsoft Visual Studio Solution File, Format Version 10.00
# Visual C++ Express 2008
Project("{8BC9CEB8-8B4A-11D0-8D11-00A0C91BC942}") = "sbsmsampler", "sbsmsampler.vcproj", "{97011276-FE7C-454D-B4F4-8B83FB673005}"
	ProjectSection(ProjectDependencies) = postProject
		{290E7C56-A880-42CF-9F2A-B90BDF7B91CE} = {290E7C56-A880-42CF-9F2A-B90BDF7B91CE}
		{F4B4A272-4ED3-4951-A6EE-B7BAAC1C4952} = {F4B4A272-4ED3-4951-A6EE-B7BAAC1C4952}
		{7ABA0F80-94AE-4E82-AB89-2E1258212D59} = {7ABA0F80-94AE-4E82-AB89-2E1258212D59}
		{B76D33C0-57C2-4F60-B476-D85E668AB60B} = {B76D33C0-57C2-4F60-B476-D85E668AB60B}
		{74635DE6-DD14-4BAD-B820-A7531766D78E} = {74635DE6-DD14-4BAD-B820-A7531766D78E}
		{2D6A5EE8-179C-43AB-B92F-00057911E102} = {2D6A5EE8-179C-43AB-B92F-00057911E102}
	EndProjectSection
EndProject
Project("{8BC9CEB8-8B4A-11D0-8D11-00A0C91BC942}") = "libmad", "..\..\win\libmad\libmad.vcproj", "{74635DE6-DD14-4BAD-B820-A7531766D78E}"
EndProject
Project("{8BC9CEB8-8B4A-11D0-8D11-00A0C91BC942}") = "libsndfile", "..\..\win\libsndfile\libsndfile.vcproj", "{F4B4A272-4ED3-4951-A6EE-B7BAAC1C4952}"
EndProject
Project("{8BC9CEB8-8B4A-11D0-8D11-00A0C91BC942}") = "portaudio-v19", "..\..\win\portaudio-v19\portaudio-v19.vcproj", "{7ABA0F80-94AE-4E82-AB89-2E1258212D59}"
EndProject
Project("{8BC9CEB8-8B4A-11D0-8D11-00A0C91BC942}") = "pthread", "..\..\win\pthread\pthread.vcproj", "{2D6A5EE8-179C-43AB-B92F-00057911E102}"
EndProject
Project("{8BC9CEB8-8B4A-11D0-8D11-00A0C91BC942}") = "zlib", "..\..\..\zlib\projects\visualc6\zlib.vcproj", "{290E7C56-A880-42CF-9F2A-B90BDF7B91CE}"
EndProject
Project("{8BC9CEB8-8B4A-11D0-8D11-00A0C91BC942}") = "libpng", "..\..\..\libpng\projects\visualc6\libpng.vcproj", "{B76D33C0-57C2-4F60-B476-D85E668AB60B}"
EndProject
Global
	GlobalSection(SolutionConfigurationPlatforms) = preSolution
		Debug DLL|Win32 = Debug DLL|Win32
		Debug wx284|Win32 = Debug wx284|Win32
		Debug|Win32 = Debug|Win32
		DLL ASM Debug|Win32 = DLL ASM Debug|Win32
		DLL ASM Release|Win32 = DLL ASM Release|Win32
		DLL Debug|Win32 = DLL Debug|Win32
		DLL Release|Win32 = DLL Release|Win32
		DLL VB|Win32 = DLL VB|Win32
		LIB ASM Debug|Win32 = LIB ASM Debug|Win32
		LIB ASM Release|Win32 = LIB ASM Release|Win32
		LIB Debug|Win32 = LIB Debug|Win32
		LIB Release|Win32 = LIB Release|Win32
		Modular_Release|Win32 = Modular_Release|Win32
		Release|Win32 = Release|Win32
		Unicode Debug|Win32 = Unicode Debug|Win32
		Unicode Release|Win32 = Unicode Release|Win32
		Unicode_Debug|Win32 = Unicode_Debug|Win32
		Unicode_Release|Win32 = Unicode_Release|Win32
	EndGlobalSection
	GlobalSection(ProjectConfigurationPlatforms) = postSolution
		{97011276-FE7C-454D-B4F4-8B83FB673005}.Debug DLL|Win32.ActiveCfg = Debug|Win32
		{97011276-FE7C-454D-B4F4-8B83FB673005}.Debug DLL|Win32.Build.0 = Debug|Win32
		{97011276-FE7C-454D-B4F4-8B83FB673005}.Debug wx284|Win32.ActiveCfg = Debug|Win32
		{97011276-FE7C-454D-B4F4-8B83FB673005}.Debug wx284|Win32.Build.0 = Debug|Win32
		{97011276-FE7C-454D-B4F4-8B83FB673005}.Debug|Win32.ActiveCfg = Debug|Win32
		{97011276-FE7C-454D-B4F4-8B83FB673005}.Debug|Win32.Build.0 = Debug|Win32
		{97011276-FE7C-454D-B4F4-8B83FB673005}.DLL ASM Debug|Win32.ActiveCfg = Debug|Win32
		{97011276-FE7C-454D-B4F4-8B83FB673005}.DLL ASM Debug|Win32.Build.0 = Debug|Win32
		{97011276-FE7C-454D-B4F4-8B83FB673005}.DLL ASM Release|Win32.ActiveCfg = Release|Win32
		{97011276-FE7C-454D-B4F4-8B83FB673005}.DLL ASM Release|Win32.Build.0 = Release|Win32
		{97011276-FE7C-454D-B4F4-8B83FB673005}.DLL Debug|Win32.ActiveCfg = Debug|Win32
		{97011276-FE7C-454D-B4F4-8B83FB673005}.DLL Debug|Win32.Build.0 = Debug|Win32
		{97011276-FE7C-454D-B4F4-8B83FB673005}.DLL Release|Win32.ActiveCfg = Release|Win32
		{97011276-FE7C-454D-B4F4-8B83FB673005}.DLL Release|Win32.Build.0 = Release|Win32
		{97011276-FE7C-454D-B4F4-8B83FB673005}.DLL VB|Win32.ActiveCfg = Debug|Win32
		{97011276-FE7C-454D-B4F4-8B83FB673005}.DLL VB|Win32.Build.0 = Debug|Win32
		{97011276-FE7C-454D-B4F4-8B83FB673005}.LIB ASM Debug|Win32.ActiveCfg = Debug|Win32
		{97011276-FE7C-454D-B4F4-8B83FB673005}.LIB ASM Debug|Win32.Build.0 = Debug|Win32
		{97011276-FE7C-454D-B4F4-8B83FB673005}.LIB ASM Release|Win32.ActiveCfg = Release|Win32
		{97011276-FE7C-454D-B4F4-8B83FB673005}.LIB ASM Release|Win32.Build.0 = Release|Win32
		{97011276-FE7C-454D-B4F4-8B83FB673005}.LIB Debug|Win32.ActiveCfg = Debug|Win32
		{97011276-FE7C-454D-B4F4-8B83FB673005}.LIB Debug|Win32.Build.0 = Debug|Win32
		{97011276-FE7C-454D-B4F4-8B83FB673005}.LIB Release|Win32.ActiveCfg = Release|Win32
		{97011276-FE7C-454D-B4F4-8B83FB673005}.LIB Release|Win32.Build.0 = Release|Win32
		{97011276-FE7C-454D-B4F4-8B83FB673005}.Modular_Release|Win32.ActiveCfg = Release|Win32
		{97011276-FE7C-454D-B4F4-8B83FB673005}.Modular_Release|Win32.Build.0 = Release|Win32
		{97011276-FE7C-454D-B4F4-8B83FB673005}.Release|Win32.ActiveCfg = Release|Win32
		{97011276-FE7C-454D-B4F4-8B83FB673005}.Release|Win32.Build.0 = Release|Win32
		{97011276-FE7C-454D-B4F4-8B83FB673005}.Unicode Debug|Win32.ActiveCfg = Debug|Win32
		{97011276-FE7C-454D-B4F4-8B83FB673005}.Unicode Debug|Win32.Build.0 = Debug|Win32
		{97011276-FE7C-454D-B4F4-8B83FB673005}.Unicode Release|Win32.ActiveCfg = Release|Win32
		{97011276-FE7C-454D-B4F4-8B83FB673005}.Unicode Release|Win32.Build.0 = Release|Win32
		{97011276-FE7C-454D-B4F4-8B83FB673005}.Unicode_Debug|Win32.ActiveCfg = Debug|Win32
		{97011276-FE7C-454D-B4F4-8B83FB673005}.Unicode_Debug|Win32.Build.0 = Debug|Win32
		{97011276-FE7C-454D-B4F4-8B83FB673005}.Unicode_Release|Win32.ActiveCfg = Release|Win32
		{97011276-FE7C-454D-B4F4-8B83FB673005}.Unicode_Release|Win32.Build.0 = Release|Win32
		{74635DE6-DD14-4BAD-B820-A7531766D78E}.Debug DLL|Win32.ActiveCfg = Debug|Win32
		{74635DE6-DD14-4BAD-B820-A7531766D78E}.Debug DLL|Win32.Build.0 = Debug|Win32
		{74635DE6-DD14-4BAD-B820-A7531766D78E}.Debug wx284|Win32.ActiveCfg = Debug|Win32
		{74635DE6-DD14-4BAD-B820-A7531766D78E}.Debug wx284|Win32.Build.0 = Debug|Win32
		{74635DE6-DD14-4BAD-B820-A7531766D78E}.Debug|Win32.ActiveCfg = Debug|Win32
		{74635DE6-DD14-4BAD-B820-A7531766D78E}.Debug|Win32.Build.0 = Debug|Win32
		{74635DE6-DD14-4BAD-B820-A7531766D78E}.DLL ASM Debug|Win32.ActiveCfg = Debug|Win32
		{74635DE6-DD14-4BAD-B820-A7531766D78E}.DLL ASM Debug|Win32.Build.0 = Debug|Win32
		{74635DE6-DD14-4BAD-B820-A7531766D78E}.DLL ASM Release|Win32.ActiveCfg = Release|Win32
		{74635DE6-DD14-4BAD-B820-A7531766D78E}.DLL ASM Release|Win32.Build.0 = Release|Win32
		{74635DE6-DD14-4BAD-B820-A7531766D78E}.DLL Debug|Win32.ActiveCfg = Debug|Win32
		{74635DE6-DD14-4BAD-B820-A7531766D78E}.DLL Debug|Win32.Build.0 = Debug|Win32
		{74635DE6-DD14-4BAD-B820-A7531766D78E}.DLL Release|Win32.ActiveCfg = Release|Win32
		{74635DE6-DD14-4BAD-B820-A7531766D78E}.DLL Release|Win32.Build.0 = Release|Win32
		{74635DE6-DD14-4BAD-B820-A7531766D78E}.DLL VB|Win32.ActiveCfg = Debug|Win32
		{74635DE6-DD14-4BAD-B820-A7531766D78E}.DLL VB|Win32.Build.0 = Debug|Win32
		{74635DE6-DD14-4BAD-B820-A7531766D78E}.LIB ASM Debug|Win32.ActiveCfg = Debug|Win32
		{74635DE6-DD14-4BAD-B820-A7531766D78E}.LIB ASM Debug|Win32.Build.0 = Debug|Win32
		{74635DE6-DD14-4BAD-B820-A7531766D78E}.LIB ASM Release|Win32.ActiveCfg = Release|Win32
		{74635DE6-DD14-4BAD-B820-A7531766D78E}.LIB ASM Release|Win32.Build.0 = Release|Win32
		{74635DE6-DD14-4BAD-B820-A7531766D78E}.LIB Debug|Win32.ActiveCfg = Debug|Win32
		{74635DE6-DD14-4BAD-B820-A7531766D78E}.LIB Debug|Win32.Build.0 = Debug|Win32
		{74635DE6-DD14-4BAD-B820-A7531766D78E}.LIB Release|Win32.ActiveCfg = Release|Win32
		{74635DE6-DD14-4BAD-B820-A7531766D78E}.LIB Release|Win32.Build.0 = Release|Win32
		{74635DE6-DD14-4BAD-B820-A7531766D78E}.Modular_Release|Win32.ActiveCfg = Release|Win32
		{74635DE6-DD14-4BAD-B820-A7531766D78E}.Modular_Release|Win32.Build.0 = Release|Win32
		{74635DE6-DD14-4BAD-B820-A7531766D78E}.Release|Win32.ActiveCfg = Release|Win32
		{74635DE6-DD14-4BAD-B820-A7531766D78E}.Release|Win32.Build.0 = Release|Win32
		{74635DE6-DD14-4BAD-B820-A7531766D78E}.Unicode Debug|Win32.ActiveCfg = Debug|Win32
		{74635DE6-DD14-4BAD-B820-A7531766D78E}.Unicode Debug|Win32.Build.0 = Debug|Win32
		{74635DE6-DD14-4BAD-B820-A7531766D78E}.Unicode Release|Win32.ActiveCfg = Release|Win32
		{74635DE6-DD14-4BAD-B820-A7531766D78E}.Unicode Release|Win32.Build.0 = Release|Win32
		{74635DE6-DD14-4BAD-B820-A7531766D78E}.Unicode_Debug|Win32.ActiveCfg = Debug|Win32
		{74635DE6-DD14-4BAD-B820-A7531766D78E}.Unicode_Debug|Win32.Build.0 = Debug|Win32
		{74635DE6-DD14-4BAD-B820-A7531766D78E}.Unicode_Release|Win32.ActiveCfg = Release|Win32
		{74635DE6-DD14-4BAD-B820-A7531766D78E}.Unicode_Release|Win32.Build.0 = Release|Win32
		{F4B4A272-4ED3-4951-A6EE-B7BAAC1C4952}.Debug DLL|Win32.ActiveCfg = Debug DLL|Win32
		{F4B4A272-4ED3-4951-A6EE-B7BAAC1C4952}.Debug DLL|Win32.Build.0 = Debug DLL|Win32
		{F4B4A272-4ED3-4951-A6EE-B7BAAC1C4952}.Debug wx284|Win32.ActiveCfg = Debug wx284|Win32
		{F4B4A272-4ED3-4951-A6EE-B7BAAC1C4952}.Debug wx284|Win32.Build.0 = Debug wx284|Win32
		{F4B4A272-4ED3-4951-A6EE-B7BAAC1C4952}.Debug|Win32.ActiveCfg = Debug|Win32
		{F4B4A272-4ED3-4951-A6EE-B7BAAC1C4952}.Debug|Win32.Build.0 = Debug|Win32
		{F4B4A272-4ED3-4951-A6EE-B7BAAC1C4952}.DLL ASM Debug|Win32.ActiveCfg = Debug|Win32
		{F4B4A272-4ED3-4951-A6EE-B7BAAC1C4952}.DLL ASM Debug|Win32.Build.0 = Debug|Win32
		{F4B4A272-4ED3-4951-A6EE-B7BAAC1C4952}.DLL ASM Release|Win32.ActiveCfg = Release|Win32
		{F4B4A272-4ED3-4951-A6EE-B7BAAC1C4952}.DLL ASM Release|Win32.Build.0 = Release|Win32
		{F4B4A272-4ED3-4951-A6EE-B7BAAC1C4952}.DLL Debug|Win32.ActiveCfg = Debug|Win32
		{F4B4A272-4ED3-4951-A6EE-B7BAAC1C4952}.DLL Debug|Win32.Build.0 = Debug|Win32
		{F4B4A272-4ED3-4951-A6EE-B7BAAC1C4952}.DLL Release|Win32.ActiveCfg = Release|Win32
		{F4B4A272-4ED3-4951-A6EE-B7BAAC1C4952}.DLL Release|Win32.Build.0 = Release|Win32
		{F4B4A272-4ED3-4951-A6EE-B7BAAC1C4952}.DLL VB|Win32.ActiveCfg = Debug wx284|Win32
		{F4B4A272-4ED3-4951-A6EE-B7BAAC1C4952}.DLL VB|Win32.Build.0 = Debug wx284|Win32
		{F4B4A272-4ED3-4951-A6EE-B7BAAC1C4952}.LIB ASM Debug|Win32.ActiveCfg = Debug|Win32
		{F4B4A272-4ED3-4951-A6EE-B7BAAC1C4952}.LIB ASM Debug|Win32.Build.0 = Debug|Win32
		{F4B4A272-4ED3-4951-A6EE-B7BAAC1C4952}.LIB ASM Release|Win32.ActiveCfg = Release|Win32
		{F4B4A272-4ED3-4951-A6EE-B7BAAC1C4952}.LIB ASM Release|Win32.Build.0 = Release|Win32
		{F4B4A272-4ED3-4951-A6EE-B7BAAC1C4952}.LIB Debug|Win32.ActiveCfg = Debug|Win32
		{F4B4A272-4ED3-4951-A6EE-B7BAAC1C4952}.LIB Debug|Win32.Build.0 = Debug|Win32
		{F4B4A272-4ED3-4951-A6EE-B7BAAC1C4952}.LIB Release|Win32.ActiveCfg = Release|Win32
		{F4B4A272-4ED3-4951-A6EE-B7BAAC1C4952}.LIB Release|Win32.Build.0 = Release|Win32
		{F4B4A272-4ED3-4951-A6EE-B7BAAC1C4952}.Modular_Release|Win32.ActiveCfg = Modular_Release|Win32
		{F4B4A272-4ED3-4951-A6EE-B7BAAC1C4952}.Modular_Release|Win32.Build.0 = Modular_Release|Win32
		{F4B4A272-4ED3-4951-A6EE-B7BAAC1C4952}.Release|Win32.ActiveCfg = Release|Win32
		{F4B4A272-4ED3-4951-A6EE-B7BAAC1C4952}.Release|Win32.Build.0 = Release|Win32
		{F4B4A272-4ED3-4951-A6EE-B7BAAC1C4952}.Unicode Debug|Win32.ActiveCfg = Debug|Win32
		{F4B4A272-4ED3-4951-A6EE-B7BAAC1C4952}.Unicode Debug|Win32.Build.0 = Debug|Win32
		{F4B4A272-4ED3-4951-A6EE-B7BAAC1C4952}.Unicode Release|Win32.ActiveCfg = Release|Win32
		{F4B4A272-4ED3-4951-A6EE-B7BAAC1C4952}.Unicode Release|Win32.Build.0 = Release|Win32
		{F4B4A272-4ED3-4951-A6EE-B7BAAC1C4952}.Unicode_Debug|Win32.ActiveCfg = Unicode_Debug|Win32
		{F4B4A272-4ED3-4951-A6EE-B7BAAC1C4952}.Unicode_Debug|Win32.Build.0 = Unicode_Debug|Win32
		{F4B4A272-4ED3-4951-A6EE-B7BAAC1C4952}.Unicode_Release|Win32.ActiveCfg = Unicode_Release|Win32
		{F4B4A272-4ED3-4951-A6EE-B7BAAC1C4952}.Unicode_Release|Win32.Build.0 = Unicode_Release|Win32
		{7ABA0F80-94AE-4E82-AB89-2E1258212D59}.Debug DLL|Win32.ActiveCfg = Debug|Win32
		{7ABA0F80-94AE-4E82-AB89-2E1258212D59}.Debug DLL|Win32.Build.0 = Debug|Win32
		{7ABA0F80-94AE-4E82-AB89-2E1258212D59}.Debug wx284|Win32.ActiveCfg = Debug|Win32
		{7ABA0F80-94AE-4E82-AB89-2E1258212D59}.Debug wx284|Win32.Build.0 = Debug|Win32
		{7ABA0F80-94AE-4E82-AB89-2E1258212D59}.Debug|Win32.ActiveCfg = Debug|Win32
		{7ABA0F80-94AE-4E82-AB89-2E1258212D59}.Debug|Win32.Build.0 = Debug|Win32
		{7ABA0F80-94AE-4E82-AB89-2E1258212D59}.DLL ASM Debug|Win32.ActiveCfg = Debug|Win32
		{7ABA0F80-94AE-4E82-AB89-2E1258212D59}.DLL ASM Debug|Win32.Build.0 = Debug|Win32
		{7ABA0F80-94AE-4E82-AB89-2E1258212D59}.DLL ASM Release|Win32.ActiveCfg = Release|Win32
		{7ABA0F80-94AE-4E82-AB89-2E1258212D59}.DLL ASM Release|Win32.Build.0 = Release|Win32
		{7ABA0F80-94AE-4E82-AB89-2E1258212D59}.DLL Debug|Win32.ActiveCfg = Debug|Win32
		{7ABA0F80-94AE-4E82-AB89-2E1258212D59}.DLL Debug|Win32.Build.0 = Debug|Win32
		{7ABA0F80-94AE-4E82-AB89-2E1258212D59}.DLL Release|Win32.ActiveCfg = Release|Win32
		{7ABA0F80-94AE-4E82-AB89-2E1258212D59}.DLL Release|Win32.Build.0 = Release|Win32
		{7ABA0F80-94AE-4E82-AB89-2E1258212D59}.DLL VB|Win32.ActiveCfg = Debug|Win32
		{7ABA0F80-94AE-4E82-AB89-2E1258212D59}.DLL VB|Win32.Build.0 = Debug|Win32
		{7ABA0F80-94AE-4E82-AB89-2E1258212D59}.LIB ASM Debug|Win32.ActiveCfg = Debug|Win32
		{7ABA0F80-94AE-4E82-AB89-2E1258212D59}.LIB ASM Debug|Win32.Build.0 = Debug|Win32
		{7ABA0F80-94AE-4E82-AB89-2E1258212D59}.LIB ASM Release|Win32.ActiveCfg = Release|Win32
		{7ABA0F80-94AE-4E82-AB89-2E1258212D59}.LIB ASM Release|Win32.Build.0 = Release|Win32
		{7ABA0F80-94AE-4E82-AB89-2E1258212D59}.LIB Debug|Win32.ActiveCfg = Debug|Win32
		{7ABA0F80-94AE-4E82-AB89-2E1258212D59}.LIB Debug|Win32.Build.0 = Debug|Win32
		{7ABA0F80-94AE-4E82-AB89-2E1258212D59}.LIB Release|Win32.ActiveCfg = Release|Win32
		{7ABA0F80-94AE-4E82-AB89-2E1258212D59}.LIB Release|Win32.Build.0 = Release|Win32
		{7ABA0F80-94AE-4E82-AB89-2E1258212D59}.Modular_Release|Win32.ActiveCfg = Release|Win32
		{7ABA0F80-94AE-4E82-AB89-2E1258212D59}.Modular_Release|Win32.Build.0 = Release|Win32
		{7ABA0F80-94AE-4E82-AB89-2E1258212D59}.Release|Win32.ActiveCfg = Release|Win32
		{7ABA0F80-94AE-4E82-AB89-2E1258212D59}.Release|Win32.Build.0 = Release|Win32
		{7ABA0F80-94AE-4E82-AB89-2E1258212D59}.Unicode Debug|Win32.ActiveCfg = Unicode Debug|Win32
		{7ABA0F80-94AE-4E82-AB89-2E1258212D59}.Unicode Debug|Win32.Build.0 = Unicode Debug|Win32
		{7ABA0F80-94AE-4E82-AB89-2E1258212D59}.Unicode Release|Win32.ActiveCfg = Unicode Release|Win32
		{7ABA0F80-94AE-4E82-AB89-2E1258212D59}.Unicode Release|Win32.Build.0 = Unicode Release|Win32
		{7ABA0F80-94AE-4E82-AB89-2E1258212D59}.Unicode_Debug|Win32.ActiveCfg = Debug|Win32
		{7ABA0F80-94AE-4E82-AB89-2E1258212D59}.Unicode_Debug|Win32.Build.0 = Debug|Win32
		{7ABA0F80-94AE-4E82-AB89-2E1258212D59}.Unicode_Release|Win32.ActiveCfg = Release|Win32
		{7ABA0F80-94AE-4E82-AB89-2E1258212D59}.Unicode_Release|Win32.Build.0 = Release|Win32
		{2D6A5EE8-179C-43AB-B92F-00057911E102}.Debug DLL|Win32.ActiveCfg = Debug|Win32
		{2D6A5EE8-179C-43AB-B92F-00057911E102}.Debug DLL|Win32.Build.0 = Debug|Win32
		{2D6A5EE8-179C-43AB-B92F-00057911E102}.Debug wx284|Win32.ActiveCfg = Debug|Win32
		{2D6A5EE8-179C-43AB-B92F-00057911E102}.Debug wx284|Win32.Build.0 = Debug|Win32
		{2D6A5EE8-179C-43AB-B92F-00057911E102}.Debug|Win32.ActiveCfg = Debug|Win32
		{2D6A5EE8-179C-43AB-B92F-00057911E102}.Debug|Win32.Build.0 = Debug|Win32
		{2D6A5EE8-179C-43AB-B92F-00057911E102}.DLL ASM Debug|Win32.ActiveCfg = Debug|Win32
		{2D6A5EE8-179C-43AB-B92F-00057911E102}.DLL ASM Debug|Win32.Build.0 = Debug|Win32
		{2D6A5EE8-179C-43AB-B92F-00057911E102}.DLL ASM Release|Win32.ActiveCfg = Release|Win32
		{2D6A5EE8-179C-43AB-B92F-00057911E102}.DLL ASM Release|Win32.Build.0 = Release|Win32
		{2D6A5EE8-179C-43AB-B92F-00057911E102}.DLL Debug|Win32.ActiveCfg = Debug|Win32
		{2D6A5EE8-179C-43AB-B92F-00057911E102}.DLL Debug|Win32.Build.0 = Debug|Win32
		{2D6A5EE8-179C-43AB-B92F-00057911E102}.DLL Release|Win32.ActiveCfg = Release|Win32
		{2D6A5EE8-179C-43AB-B92F-00057911E102}.DLL Release|Win32.Build.0 = Release|Win32
		{2D6A5EE8-179C-43AB-B92F-00057911E102}.DLL VB|Win32.ActiveCfg = Debug|Win32
		{2D6A5EE8-179C-43AB-B92F-00057911E102}.DLL VB|Win32.Build.0 = Debug|Win32
		{2D6A5EE8-179C-43AB-B92F-00057911E102}.LIB ASM Debug|Win32.ActiveCfg = Debug|Win32
		{2D6A5EE8-179C-43AB-B92F-00057911E102}.LIB ASM Debug|Win32.Build.0 = Debug|Win32
		{2D6A5EE8-179C-43AB-B92F-00057911E102}.LIB ASM Release|Win32.ActiveCfg = Release|Win32
		{2D6A5EE8-179C-43AB-B92F-00057911E102}.LIB ASM Release|Win32.Build.0 = Release|Win32
		{2D6A5EE8-179C-43AB-B92F-00057911E102}.LIB Debug|Win32.ActiveCfg = Debug|Win32
		{2D6A5EE8-179C-43AB-B92F-00057911E102}.LIB Debug|Win32.Build.0 = Debug|Win32
		{2D6A5EE8-179C-43AB-B92F-00057911E102}.LIB Release|Win32.ActiveCfg = Release|Win32
		{2D6A5EE8-179C-43AB-B92F-00057911E102}.LIB Release|Win32.Build.0 = Release|Win32
		{2D6A5EE8-179C-43AB-B92F-00057911E102}.Modular_Release|Win32.ActiveCfg = Release|Win32
		{2D6A5EE8-179C-43AB-B92F-00057911E102}.Modular_Release|Win32.Build.0 = Release|Win32
		{2D6A5EE8-179C-43AB-B92F-00057911E102}.Release|Win32.ActiveCfg = Release|Win32
		{2D6A5EE8-179C-43AB-B92F-00057911E102}.Release|Win32.Build.0 = Release|Win32
		{2D6A5EE8-179C-43AB-B92F-00057911E102}.Unicode Debug|Win32.ActiveCfg = Debug|Win32
		{2D6A5EE8-179C-43AB-B92F-00057911E102}.Unicode Debug|Win32.Build.0 = Debug|Win32
		{2D6A5EE8-179C-43AB-B92F-00057911E102}.Unicode Release|Win32.ActiveCfg = Release|Win32
		{2D6A5EE8-179C-43AB-B92F-00057911E102}.Unicode Release|Win32.Build.0 = Release|Win32
		{2D6A5EE8-179C-43AB-B92F-00057911E102}.Unicode_Debug|Win32.ActiveCfg = Debug|Win32
		{2D6A5EE8-179C-43AB-B92F-00057911E102}.Unicode_Debug|Win32.Build.0 = Debug|Win32
		{2D6A5EE8-179C-43AB-B92F-00057911E102}.Unicode_Release|Win32.ActiveCfg = Release|Win32
		{2D6A5EE8-179C-43AB-B92F-00057911E102}.Unicode_Release|Win32.Build.0 = Release|Win32
		{290E7C56-A880-42CF-9F2A-B90BDF7B91CE}.Debug DLL|Win32.ActiveCfg = DLL Debug|Win32
		{290E7C56-A880-42CF-9F2A-B90BDF7B91CE}.Debug DLL|Win32.Build.0 = DLL Debug|Win32
		{290E7C56-A880-42CF-9F2A-B90BDF7B91CE}.Debug wx284|Win32.ActiveCfg = DLL Debug|Win32
		{290E7C56-A880-42CF-9F2A-B90BDF7B91CE}.Debug wx284|Win32.Build.0 = DLL Debug|Win32
		{290E7C56-A880-42CF-9F2A-B90BDF7B91CE}.Debug|Win32.ActiveCfg = DLL Debug|Win32
		{290E7C56-A880-42CF-9F2A-B90BDF7B91CE}.Debug|Win32.Build.0 = DLL Debug|Win32
		{290E7C56-A880-42CF-9F2A-B90BDF7B91CE}.DLL ASM Debug|Win32.ActiveCfg = DLL ASM Debug|Win32
		{290E7C56-A880-42CF-9F2A-B90BDF7B91CE}.DLL ASM Debug|Win32.Build.0 = DLL ASM Debug|Win32
		{290E7C56-A880-42CF-9F2A-B90BDF7B91CE}.DLL ASM Release|Win32.ActiveCfg = DLL ASM Release|Win32
		{290E7C56-A880-42CF-9F2A-B90BDF7B91CE}.DLL ASM Release|Win32.Build.0 = DLL ASM Release|Win32
		{290E7C56-A880-42CF-9F2A-B90BDF7B91CE}.DLL Debug|Win32.ActiveCfg = DLL Debug|Win32
		{290E7C56-A880-42CF-9F2A-B90BDF7B91CE}.DLL Debug|Win32.Build.0 = DLL Debug|Win32
		{290E7C56-A880-42CF-9F2A-B90BDF7B91CE}.DLL Release|Win32.ActiveCfg = DLL Release|Win32
		{290E7C56-A880-42CF-9F2A-B90BDF7B91CE}.DLL Release|Win32.Build.0 = DLL Release|Win32
		{290E7C56-A880-42CF-9F2A-B90BDF7B91CE}.DLL VB|Win32.ActiveCfg = DLL Debug|Win32
		{290E7C56-A880-42CF-9F2A-B90BDF7B91CE}.DLL VB|Win32.Build.0 = DLL Debug|Win32
		{290E7C56-A880-42CF-9F2A-B90BDF7B91CE}.LIB ASM Debug|Win32.ActiveCfg = LIB ASM Debug|Win32
		{290E7C56-A880-42CF-9F2A-B90BDF7B91CE}.LIB ASM Debug|Win32.Build.0 = LIB ASM Debug|Win32
		{290E7C56-A880-42CF-9F2A-B90BDF7B91CE}.LIB ASM Release|Win32.ActiveCfg = LIB ASM Release|Win32
		{290E7C56-A880-42CF-9F2A-B90BDF7B91CE}.LIB ASM Release|Win32.Build.0 = LIB ASM Release|Win32
		{290E7C56-A880-42CF-9F2A-B90BDF7B91CE}.LIB Debug|Win32.ActiveCfg = LIB Debug|Win32
		{290E7C56-A880-42CF-9F2A-B90BDF7B91CE}.LIB Debug|Win32.Build.0 = LIB Debug|Win32
		{290E7C56-A880-42CF-9F2A-B90BDF7B91CE}.LIB Release|Win32.ActiveCfg = LIB Release|Win32
		{290E7C56-A880-42CF-9F2A-B90BDF7B91CE}.LIB Release|Win32.Build.0 = LIB Release|Win32
		{290E7C56-A880-42CF-9F2A-B90BDF7B91CE}.Modular_Release|Win32.ActiveCfg = LIB ASM Release|Win32
		{290E7C56-A880-42CF-9F2A-B90BDF7B91CE}.Modular_Release|Win32.Build.0 = LIB ASM Release|Win32
		{290E7C56-A880-42CF-9F2A-B90BDF7B91CE}.Release|Win32.ActiveCfg = LIB Release|Win32
		{290E7C56-A880-42CF-9F2A-B90BDF7B91CE}.Release|Win32.Build.0 = LIB Release|Win32
		{290E7C56-A880-42CF-9F2A-B90BDF7B91CE}.Unicode Debug|Win32.ActiveCfg = LIB ASM Release|Win32
		{290E7C56-A880-42CF-9F2A-B90BDF7B91CE}.Unicode Debug|Win32.Build.0 = LIB ASM Release|Win32
		{290E7C56-A880-42CF-9F2A-B90BDF7B91CE}.Unicode Release|Win32.ActiveCfg = LIB ASM Release|Win32
		{290E7C56-A880-42CF-9F2A-B90BDF7B91CE}.Unicode Release|Win32.Build.0 = LIB ASM Release|Win32
		{290E7C56-A880-42CF-9F2A-B90BDF7B91CE}.Unicode_Debug|Win32.ActiveCfg = LIB ASM Release|Win32
		{290E7C56-A880-42CF-9F2A-B90BDF7B91CE}.Unicode_Debug|Win32.Build.0 = LIB ASM Release|Win32
		{290E7C56-A880-42CF-9F2A-B90BDF7B91CE}.Unicode_Release|Win32.ActiveCfg = LIB ASM Release|Win32
		{290E7C56-A880-42CF-9F2A-B90BDF7B91CE}.Unicode_Release|Win32.Build.0 = LIB ASM Release|Win32
		{B76D33C0-57C2-4F60-B476-D85E668AB60B}.Debug DLL|Win32.ActiveCfg = DLL ASM Debug|Win32
		{B76D33C0-57C2-4F60-B476-D85E668AB60B}.Debug DLL|Win32.Build.0 = DLL ASM Debug|Win32
		{B76D33C0-57C2-4F60-B476-D85E668AB60B}.Debug wx284|Win32.ActiveCfg = DLL ASM Debug|Win32
		{B76D33C0-57C2-4F60-B476-D85E668AB60B}.Debug wx284|Win32.Build.0 = DLL ASM Debug|Win32
		{B76D33C0-57C2-4F60-B476-D85E668AB60B}.Debug|Win32.ActiveCfg = LIB ASM Debug|Win32
		{B76D33C0-57C2-4F60-B476-D85E668AB60B}.Debug|Win32.Build.0 = LIB ASM Debug|Win32
		{B76D33C0-57C2-4F60-B476-D85E668AB60B}.DLL ASM Debug|Win32.ActiveCfg = DLL ASM Debug|Win32
		{B76D33C0-57C2-4F60-B476-D85E668AB60B}.DLL ASM Debug|Win32.Build.0 = DLL ASM Debug|Win32
		{B76D33C0-57C2-4F60-B476-D85E668AB60B}.DLL ASM Release|Win32.ActiveCfg = DLL ASM Release|Win32
		{B76D33C0-57C2-4F60-B476-D85E668AB60B}.DLL ASM Release|Win32.Build.0 = DLL ASM Release|Win32
		{B76D33C0-57C2-4F60-B476-D85E668AB60B}.DLL Debug|Win32.ActiveCfg = DLL Debug|Win32
		{B76D33C0-57C2-4F60-B476-D85E668AB60B}.DLL Debug|Win32.Build.0 = DLL Debug|Win32
		{B76D33C0-57C2-4F60-B476-D85E668AB60B}.DLL Release|Win32.ActiveCfg = DLL Release|Win32
		{B76D33C0-57C2-4F60-B476-D85E668AB60B}.DLL Release|Win32.Build.0 = DLL Release|Win32
		{B76D33C0-57C2-4F60-B476-D85E668AB60B}.DLL VB|Win32.ActiveCfg = DLL VB|Win32
		{B76D33C0-57C2-4F60-B476-D85E668AB60B}.DLL VB|Win32.Build.0 = DLL VB|Win32
		{B76D33C0-57C2-4F60-B476-D85E668AB60B}.LIB ASM Debug|Win32.ActiveCfg = LIB ASM Debug|Win32
		{B76D33C0-57C2-4F60-B476-D85E668AB60B}.LIB ASM Debug|Win32.Build.0 = LIB ASM Debug|Win32
		{B76D33C0-57C2-4F60-B476-D85E668AB60B}.LIB ASM Release|Win32.ActiveCfg = LIB ASM Release|Win32
		{B76D33C0-57C2-4F60-B476-D85E668AB60B}.LIB ASM Release|Win32.Build.0 = LIB ASM Release|Win32
		{B76D33C0-57C2-4F60-B476-D85E668AB60B}.LIB Debug|Win32.ActiveCfg = LIB Debug|Win32
		{B76D33C0-57C2-4F60-B476-D85E668AB60B}.LIB Debug|Win32.Build.0 = LIB Debug|Win32
		{B76D33C0-57C2-4F60-B476-D85E668AB60B}.LIB Release|Win32.ActiveCfg = LIB Release|Win32
		{B76D33C0-57C2-4F60-B476-D85E668AB60B}.LIB Release|Win32.Build.0 = LIB Release|Win32
		{B76D33C0-57C2-4F60-B476-D85E668AB60B}.Modular_Release|Win32.ActiveCfg = LIB ASM Debug|Win32
		{B76D33C0-57C2-4F60-B476-D85E668AB60B}.Modular_Release|Win32.Build.0 = LIB ASM Debug|Win32
		{B76D33C0-57C2-4F60-B476-D85E668AB60B}.Release|Win32.ActiveCfg = LIB Release|Win32
		{B76D33C0-57C2-4F60-B476-D85E668AB60B}.Release|Win32.Build.0 = LIB Release|Win32
		{B76D33C0-57C2-4F60-B476-D85E668AB60B}.Unicode Debug|Win32.ActiveCfg = LIB ASM Debug|Win32
		{B76D33C0-57C2-4F60-B476-D85E668AB60B}.Unicode Debug|Win32.Build.0 = LIB ASM Debug|Win32
		{B76D33C0-57C2-4F60-B476-D85E668AB60B}.Unicode Release|Win32.ActiveCfg = LIB ASM Debug|Win32
		{B76D33C0-57C2-4F60-B476-D85E668AB60B}.Unicode Release|Win32.Build.0 = LIB ASM Debug|Win32
		{B76D33C0-57C2-4F60-B476-D85E668AB60B}.Unicode_Debug|Win32.ActiveCfg = LIB ASM Debug|Win32
		{B76D33C0-57C2-4F60-B476-D85E668AB60B}.Unicode_Debug|Win32.Build.0 = LIB ASM Debug|Win32
		{B76D33C0-57C2-4F60-B476-D85E668AB60B}.Unicode_Release|Win32.ActiveCfg = LIB ASM Debug|Win32
		{B76D33C0-57C2-4F60-B476-D85E668AB60B}.Unicode_Release|Win32.Build.0 = LIB ASM Debug|Win32
	EndGlobalSection
	GlobalSection(SolutionProperties) = preSolution
		HideSolutionNode = FALSE
	EndGlobalSection
EndGlobal
