Microsoft Visual Studio Solution File, Format Version 10.00
# Visual C++ Express 2008
Project("{8BC9CEB8-8B4A-11D0-8D11-00A0C91BC942}") = "wxsbsmsplayer", "..\wxsbsmsplayer\wxsbsmsplayer.vcproj", "{7ED6A736-BBE2-462A-9FAD-89F9A4DE62B1}"
	ProjectSection(ProjectDependencies) = postProject
		{772B2532-A638-4E55-83D4-A2F6DCEEBAA5} = {772B2532-A638-4E55-83D4-A2F6DCEEBAA5}
		{F4B4A272-4ED3-4951-A6EE-B7BAAC1C4952} = {F4B4A272-4ED3-4951-A6EE-B7BAAC1C4952}
		{7ABA0F80-94AE-4E82-AB89-2E1258212D59} = {7ABA0F80-94AE-4E82-AB89-2E1258212D59}
		{C9362B8B-B72D-44D3-89E9-3E3C98F3BBED} = {C9362B8B-B72D-44D3-89E9-3E3C98F3BBED}
		{74635DE6-DD14-4BAD-B820-A7531766D78E} = {74635DE6-DD14-4BAD-B820-A7531766D78E}
		{2D6A5EE8-179C-43AB-B92F-00057911E102} = {2D6A5EE8-179C-43AB-B92F-00057911E102}
	EndProjectSection
EndProject
Project("{8BC9CEB8-8B4A-11D0-8D11-00A0C91BC942}") = "libsbsms", "..\..\..\libsbsms\win\libsbsms\libsbsms.vcproj", "{772B2532-A638-4E55-83D4-A2F6DCEEBAA5}"
EndProject
Project("{8BC9CEB8-8B4A-11D0-8D11-00A0C91BC942}") = "sbsmsio", "..\sbsmsio\sbsmsio.vcproj", "{C9362B8B-B72D-44D3-89E9-3E3C98F3BBED}"
EndProject
Project("{8BC9CEB8-8B4A-11D0-8D11-00A0C91BC942}") = "vst2.x", "..\vst2.x\vst2.x.vcproj", "{8B020005-A4AE-491D-BF50-DFDFB8EDEBC3}"
EndProject
Project("{8BC9CEB8-8B4A-11D0-8D11-00A0C91BC942}") = "sbsmsampler", "..\sbsmsampler\sbsmsampler.vcproj", "{A260D2AA-7DB6-4630-A3CB-65B7C4589263}"
	ProjectSection(ProjectDependencies) = postProject
		{8B020005-A4AE-491D-BF50-DFDFB8EDEBC3} = {8B020005-A4AE-491D-BF50-DFDFB8EDEBC3}
		{772B2532-A638-4E55-83D4-A2F6DCEEBAA5} = {772B2532-A638-4E55-83D4-A2F6DCEEBAA5}
		{290E7C56-A880-42CF-9F2A-B90BDF7B91CE} = {290E7C56-A880-42CF-9F2A-B90BDF7B91CE}
		{F4B4A272-4ED3-4951-A6EE-B7BAAC1C4952} = {F4B4A272-4ED3-4951-A6EE-B7BAAC1C4952}
		{C9362B8B-B72D-44D3-89E9-3E3C98F3BBED} = {C9362B8B-B72D-44D3-89E9-3E3C98F3BBED}
		{B76D33C0-57C2-4F60-B476-D85E668AB60B} = {B76D33C0-57C2-4F60-B476-D85E668AB60B}
		{74635DE6-DD14-4BAD-B820-A7531766D78E} = {74635DE6-DD14-4BAD-B820-A7531766D78E}
		{2D6A5EE8-179C-43AB-B92F-00057911E102} = {2D6A5EE8-179C-43AB-B92F-00057911E102}
	EndProjectSection
EndProject
Project("{8BC9CEB8-8B4A-11D0-8D11-00A0C91BC942}") = "sbsms", "..\sbsms\sbsms.vcproj", "{15F52885-3C6A-4878-B678-E1B08C0B46DC}"
	ProjectSection(ProjectDependencies) = postProject
		{772B2532-A638-4E55-83D4-A2F6DCEEBAA5} = {772B2532-A638-4E55-83D4-A2F6DCEEBAA5}
		{F4B4A272-4ED3-4951-A6EE-B7BAAC1C4952} = {F4B4A272-4ED3-4951-A6EE-B7BAAC1C4952}
		{C9362B8B-B72D-44D3-89E9-3E3C98F3BBED} = {C9362B8B-B72D-44D3-89E9-3E3C98F3BBED}
		{74635DE6-DD14-4BAD-B820-A7531766D78E} = {74635DE6-DD14-4BAD-B820-A7531766D78E}
		{2D6A5EE8-179C-43AB-B92F-00057911E102} = {2D6A5EE8-179C-43AB-B92F-00057911E102}
	EndProjectSection
EndProject
Project("{8BC9CEB8-8B4A-11D0-8D11-00A0C91BC942}") = "libpng", "..\..\..\libpng\projects\visualc6\libpng.vcproj", "{B76D33C0-57C2-4F60-B476-D85E668AB60B}"
EndProject
Project("{8BC9CEB8-8B4A-11D0-8D11-00A0C91BC942}") = "zlib", "..\..\..\zlib\projects\visualc6\zlib.vcproj", "{290E7C56-A880-42CF-9F2A-B90BDF7B91CE}"
EndProject
Project("{8BC9CEB8-8B4A-11D0-8D11-00A0C91BC942}") = "libmad", "..\..\..\libmad\msvc++\libmad.vcproj", "{74635DE6-DD14-4BAD-B820-A7531766D78E}"
EndProject
Project("{8BC9CEB8-8B4A-11D0-8D11-00A0C91BC942}") = "libsndfile", "..\..\..\libsndfile\Win32\libsndfile.vcproj", "{F4B4A272-4ED3-4951-A6EE-B7BAAC1C4952}"
EndProject
Project("{8BC9CEB8-8B4A-11D0-8D11-00A0C91BC942}") = "pthread", "..\..\..\pthread\pthreads.2\pthread.vcproj", "{2D6A5EE8-179C-43AB-B92F-00057911E102}"
EndProject
Project("{8BC9CEB8-8B4A-11D0-8D11-00A0C91BC942}") = "portaudio-v19", "..\portaudio-v19\portaudio-v19.vcproj", "{7ABA0F80-94AE-4E82-AB89-2E1258212D59}"
EndProject
Global
	GlobalSection(SolutionConfigurationPlatforms) = preSolution
		Debug DLL|Win32 = Debug DLL|Win32
		Debug wx284|Win32 = Debug wx284|Win32
		Debug|Win32 = Debug|Win32
		DLL ASM Debug|Win32 = DLL ASM Debug|Win32
		DLL ASM Release|Win32 = DLL ASM Release|Win32
		DLL Debug|Win32 = DLL Debug|Win32
		DLL Release|Win32 = DLL Release|Win32
		DLL VB|Win32 = DLL VB|Win32
		LIB ASM Debug|Win32 = LIB ASM Debug|Win32
		LIB ASM Release|Win32 = LIB ASM Release|Win32
		LIB Debug|Win32 = LIB Debug|Win32
		LIB Release|Win32 = LIB Release|Win32
		Modular_Release|Win32 = Modular_Release|Win32
		Release|Win32 = Release|Win32
		Unicode Debug|Win32 = Unicode Debug|Win32
		Unicode Release|Win32 = Unicode Release|Win32
		Unicode_Debug|Win32 = Unicode_Debug|Win32
		Unicode_Release|Win32 = Unicode_Release|Win32
	EndGlobalSection
	GlobalSection(ProjectConfigurationPlatforms) = postSolution
		{7ED6A736-BBE2-462A-9FAD-89F9A4DE62B1}.Debug DLL|Win32.ActiveCfg = Debug|Win32
		{7ED6A736-BBE2-462A-9FAD-89F9A4DE62B1}.Debug DLL|Win32.Build.0 = Debug|Win32
		{7ED6A736-BBE2-462A-9FAD-89F9A4DE62B1}.Debug wx284|Win32.ActiveCfg = Debug|Win32
		{7ED6A736-BBE2-462A-9FAD-89F9A4DE62B1}.Debug wx284|Win32.Build.0 = Debug|Win32
		{7ED6A736-BBE2-462A-9FAD-89F9A4DE62B1}.Debug|Win32.ActiveCfg = Debug|Win32
		{7ED6A736-BBE2-462A-9FAD-89F9A4DE62B1}.Debug|Win32.Build.0 = Debug|Win32
		{7ED6A736-BBE2-462A-9FAD-89F9A4DE62B1}.DLL ASM Debug|Win32.ActiveCfg = Debug|Win32
		{7ED6A736-BBE2-462A-9FAD-89F9A4DE62B1}.DLL ASM Debug|Win32.Build.0 = Debug|Win32
		{7ED6A736-BBE2-462A-9FAD-89F9A4DE62B1}.DLL ASM Release|Win32.ActiveCfg = Release|Win32
		{7ED6A736-BBE2-462A-9FAD-89F9A4DE62B1}.DLL ASM Release|Win32.Build.0 = Release|Win32
		{7ED6A736-BBE2-462A-9FAD-89F9A4DE62B1}.DLL Debug|Win32.ActiveCfg = Debug|Win32
		{7ED6A736-BBE2-462A-9FAD-89F9A4DE62B1}.DLL Debug|Win32.Build.0 = Debug|Win32
		{7ED6A736-BBE2-462A-9FAD-89F9A4DE62B1}.DLL Release|Win32.ActiveCfg = Release|Win32
		{7ED6A736-BBE2-462A-9FAD-89F9A4DE62B1}.DLL Release|Win32.Build.0 = Release|Win32
		{7ED6A736-BBE2-462A-9FAD-89F9A4DE62B1}.DLL VB|Win32.ActiveCfg = Debug|Win32
		{7ED6A736-BBE2-462A-9FAD-89F9A4DE62B1}.DLL VB|Win32.Build.0 = Debug|Win32
		{7ED6A736-BBE2-462A-9FAD-89F9A4DE62B1}.LIB ASM Debug|Win32.ActiveCfg = Debug|Win32
		{7ED6A736-BBE2-462A-9FAD-89F9A4DE62B1}.LIB ASM Debug|Win32.Build.0 = Debug|Win32
		{7ED6A736-BBE2-462A-9FAD-89F9A4DE62B1}.LIB ASM Release|Win32.ActiveCfg = Release|Win32
		{7ED6A736-BBE2-462A-9FAD-89F9A4DE62B1}.LIB ASM Release|Win32.Build.0 = Release|Win32
		{7ED6A736-BBE2-462A-9FAD-89F9A4DE62B1}.LIB Debug|Win32.ActiveCfg = Debug|Win32
		{7ED6A736-BBE2-462A-9FAD-89F9A4DE62B1}.LIB Debug|Win32.Build.0 = Debug|Win32
		{7ED6A736-BBE2-462A-9FAD-89F9A4DE62B1}.LIB Release|Win32.ActiveCfg = Release|Win32
		{7ED6A736-BBE2-462A-9FAD-89F9A4DE62B1}.LIB Release|Win32.Build.0 = Release|Win32
		{7ED6A736-BBE2-462A-9FAD-89F9A4DE62B1}.Modular_Release|Win32.ActiveCfg = Release|Win32
		{7ED6A736-BBE2-462A-9FAD-89F9A4DE62B1}.Modular_Release|Win32.Build.0 = Release|Win32
		{7ED6A736-BBE2-462A-9FAD-89F9A4DE62B1}.Release|Win32.ActiveCfg = Release|Win32
		{7ED6A736-BBE2-462A-9FAD-89F9A4DE62B1}.Unicode Debug|Win32.ActiveCfg = Debug|Win32
		{7ED6A736-BBE2-462A-9FAD-89F9A4DE62B1}.Unicode Debug|Win32.Build.0 = Debug|Win32
		{7ED6A736-BBE2-462A-9FAD-89F9A4DE62B1}.Unicode Release|Win32.ActiveCfg = Release|Win32
		{7ED6A736-BBE2-462A-9FAD-89F9A4DE62B1}.Unicode Release|Win32.Build.0 = Release|Win32
		{7ED6A736-BBE2-462A-9FAD-89F9A4DE62B1}.Unicode_Debug|Win32.ActiveCfg = Debug|Win32
		{7ED6A736-BBE2-462A-9FAD-89F9A4DE62B1}.Unicode_Debug|Win32.Build.0 = Debug|Win32
		{7ED6A736-BBE2-462A-9FAD-89F9A4DE62B1}.Unicode_Release|Win32.ActiveCfg = Release|Win32
		{7ED6A736-BBE2-462A-9FAD-89F9A4DE62B1}.Unicode_Release|Win32.Build.0 = Release|Win32
		{772B2532-A638-4E55-83D4-A2F6DCEEBAA5}.Debug DLL|Win32.ActiveCfg = Debug|Win32
		{772B2532-A638-4E55-83D4-A2F6DCEEBAA5}.Debug DLL|Win32.Build.0 = Debug|Win32
		{772B2532-A638-4E55-83D4-A2F6DCEEBAA5}.Debug wx284|Win32.ActiveCfg = Debug|Win32
		{772B2532-A638-4E55-83D4-A2F6DCEEBAA5}.Debug wx284|Win32.Build.0 = Debug|Win32
		{772B2532-A638-4E55-83D4-A2F6DCEEBAA5}.Debug|Win32.ActiveCfg = Debug|Win32
		{772B2532-A638-4E55-83D4-A2F6DCEEBAA5}.Debug|Win32.Build.0 = Debug|Win32
		{772B2532-A638-4E55-83D4-A2F6DCEEBAA5}.DLL ASM Debug|Win32.ActiveCfg = Debug|Win32
		{772B2532-A638-4E55-83D4-A2F6DCEEBAA5}.DLL ASM Debug|Win32.Build.0 = Debug|Win32
		{772B2532-A638-4E55-83D4-A2F6DCEEBAA5}.DLL ASM Release|Win32.ActiveCfg = Release|Win32
		{772B2532-A638-4E55-83D4-A2F6DCEEBAA5}.DLL ASM Release|Win32.Build.0 = Release|Win32
		{772B2532-A638-4E55-83D4-A2F6DCEEBAA5}.DLL Debug|Win32.ActiveCfg = Debug|Win32
		{772B2532-A638-4E55-83D4-A2F6DCEEBAA5}.DLL Debug|Win32.Build.0 = Debug|Win32
		{772B2532-A638-4E55-83D4-A2F6DCEEBAA5}.DLL Release|Win32.ActiveCfg = Release|Win32
		{772B2532-A638-4E55-83D4-A2F6DCEEBAA5}.DLL Release|Win32.Build.0 = Release|Win32
		{772B2532-A638-4E55-83D4-A2F6DCEEBAA5}.DLL VB|Win32.ActiveCfg = Debug|Win32
		{772B2532-A638-4E55-83D4-A2F6DCEEBAA5}.DLL VB|Win32.Build.0 = Debug|Win32
		{772B2532-A638-4E55-83D4-A2F6DCEEBAA5}.LIB ASM Debug|Win32.ActiveCfg = Debug|Win32
		{772B2532-A638-4E55-83D4-A2F6DCEEBAA5}.LIB ASM Debug|Win32.Build.0 = Debug|Win32
		{772B2532-A638-4E55-83D4-A2F6DCEEBAA5}.LIB ASM Release|Win32.ActiveCfg = Release|Win32
		{772B2532-A638-4E55-83D4-A2F6DCEEBAA5}.LIB ASM Release|Win32.Build.0 = Release|Win32
		{772B2532-A638-4E55-83D4-A2F6DCEEBAA5}.LIB Debug|Win32.ActiveCfg = Debug|Win32
		{772B2532-A638-4E55-83D4-A2F6DCEEBAA5}.LIB Debug|Win32.Build.0 = Debug|Win32
		{772B2532-A638-4E55-83D4-A2F6DCEEBAA5}.LIB Release|Win32.ActiveCfg = Release|Win32
		{772B2532-A638-4E55-83D4-A2F6DCEEBAA5}.LIB Release|Win32.Build.0 = Release|Win32
		{772B2532-A638-4E55-83D4-A2F6DCEEBAA5}.Modular_Release|Win32.ActiveCfg = Release|Win32
		{772B2532-A638-4E55-83D4-A2F6DCEEBAA5}.Modular_Release|Win32.Build.0 = Release|Win32
		{772B2532-A638-4E55-83D4-A2F6DCEEBAA5}.Release|Win32.ActiveCfg = Release|Win32
		{772B2532-A638-4E55-83D4-A2F6DCEEBAA5}.Release|Win32.Build.0 = Release|Win32
		{772B2532-A638-4E55-83D4-A2F6DCEEBAA5}.Unicode Debug|Win32.ActiveCfg = Debug|Win32
		{772B2532-A638-4E55-83D4-A2F6DCEEBAA5}.Unicode Debug|Win32.Build.0 = Debug|Win32
		{772B2532-A638-4E55-83D4-A2F6DCEEBAA5}.Unicode Release|Win32.ActiveCfg = Release|Win32
		{772B2532-A638-4E55-83D4-A2F6DCEEBAA5}.Unicode Release|Win32.Build.0 = Release|Win32
		{772B2532-A638-4E55-83D4-A2F6DCEEBAA5}.Unicode_Debug|Win32.ActiveCfg = Debug|Win32
		{772B2532-A638-4E55-83D4-A2F6DCEEBAA5}.Unicode_Debug|Win32.Build.0 = Debug|Win32
		{772B2532-A638-4E55-83D4-A2F6DCEEBAA5}.Unicode_Release|Win32.ActiveCfg = Release|Win32
		{772B2532-A638-4E55-83D4-A2F6DCEEBAA5}.Unicode_Release|Win32.Build.0 = Release|Win32
		{C9362B8B-B72D-44D3-89E9-3E3C98F3BBED}.Debug DLL|Win32.ActiveCfg = Debug|Win32
		{C9362B8B-B72D-44D3-89E9-3E3C98F3BBED}.Debug DLL|Win32.Build.0 = Debug|Win32
		{C9362B8B-B72D-44D3-89E9-3E3C98F3BBED}.Debug wx284|Win32.ActiveCfg = Debug|Win32
		{C9362B8B-B72D-44D3-89E9-3E3C98F3BBED}.Debug wx284|Win32.Build.0 = Debug|Win32
		{C9362B8B-B72D-44D3-89E9-3E3C98F3BBED}.Debug|Win32.ActiveCfg = Debug|Win32
		{C9362B8B-B72D-44D3-89E9-3E3C98F3BBED}.Debug|Win32.Build.0 = Debug|Win32
		{C9362B8B-B72D-44D3-89E9-3E3C98F3BBED}.DLL ASM Debug|Win32.ActiveCfg = Debug|Win32
		{C9362B8B-B72D-44D3-89E9-3E3C98F3BBED}.DLL ASM Debug|Win32.Build.0 = Debug|Win32
		{C9362B8B-B72D-44D3-89E9-3E3C98F3BBED}.DLL ASM Release|Win32.ActiveCfg = Release|Win32
		{C9362B8B-B72D-44D3-89E9-3E3C98F3BBED}.DLL ASM Release|Win32.Build.0 = Release|Win32
		{C9362B8B-B72D-44D3-89E9-3E3C98F3BBED}.DLL Debug|Win32.ActiveCfg = Debug|Win32
		{C9362B8B-B72D-44D3-89E9-3E3C98F3BBED}.DLL Debug|Win32.Build.0 = Debug|Win32
		{C9362B8B-B72D-44D3-89E9-3E3C98F3BBED}.DLL Release|Win32.ActiveCfg = Release|Win32
		{C9362B8B-B72D-44D3-89E9-3E3C98F3BBED}.DLL Release|Win32.Build.0 = Release|Win32
		{C9362B8B-B72D-44D3-89E9-3E3C98F3BBED}.DLL VB|Win32.ActiveCfg = Debug|Win32
		{C9362B8B-B72D-44D3-89E9-3E3C98F3BBED}.DLL VB|Win32.Build.0 = Debug|Win32
		{C9362B8B-B72D-44D3-89E9-3E3C98F3BBED}.LIB ASM Debug|Win32.ActiveCfg = Debug|Win32
		{C9362B8B-B72D-44D3-89E9-3E3C98F3BBED}.LIB ASM Debug|Win32.Build.0 = Debug|Win32
		{C9362B8B-B72D-44D3-89E9-3E3C98F3BBED}.LIB ASM Release|Win32.ActiveCfg = Release|Win32
		{C9362B8B-B72D-44D3-89E9-3E3C98F3BBED}.LIB ASM Release|Win32.Build.0 = Release|Win32
		{C9362B8B-B72D-44D3-89E9-3E3C98F3BBED}.LIB Debug|Win32.ActiveCfg = Debug|Win32
		{C9362B8B-B72D-44D3-89E9-3E3C98F3BBED}.LIB Debug|Win32.Build.0 = Debug|Win32
		{C9362B8B-B72D-44D3-89E9-3E3C98F3BBED}.LIB Release|Win32.ActiveCfg = Release|Win32
		{C9362B8B-B72D-44D3-89E9-3E3C98F3BBED}.LIB Release|Win32.Build.0 = Release|Win32
		{C9362B8B-B72D-44D3-89E9-3E3C98F3BBED}.Modular_Release|Win32.ActiveCfg = Release|Win32
		{C9362B8B-B72D-44D3-89E9-3E3C98F3BBED}.Modular_Release|Win32.Build.0 = Release|Win32
		{C9362B8B-B72D-44D3-89E9-3E3C98F3BBED}.Release|Win32.ActiveCfg = Release|Win32
		{C9362B8B-B72D-44D3-89E9-3E3C98F3BBED}.Release|Win32.Build.0 = Release|Win32
		{C9362B8B-B72D-44D3-89E9-3E3C98F3BBED}.Unicode Debug|Win32.ActiveCfg = Debug|Win32
		{C9362B8B-B72D-44D3-89E9-3E3C98F3BBED}.Unicode Debug|Win32.Build.0 = Debug|Win32
		{C9362B8B-B72D-44D3-89E9-3E3C98F3BBED}.Unicode Release|Win32.ActiveCfg = Release|Win32
		{C9362B8B-B72D-44D3-89E9-3E3C98F3BBED}.Unicode Release|Win32.Build.0 = Release|Win32
		{C9362B8B-B72D-44D3-89E9-3E3C98F3BBED}.Unicode_Debug|Win32.ActiveCfg = Debug|Win32
		{C9362B8B-B72D-44D3-89E9-3E3C98F3BBED}.Unicode_Debug|Win32.Build.0 = Debug|Win32
		{C9362B8B-B72D-44D3-89E9-3E3C98F3BBED}.Unicode_Release|Win32.ActiveCfg = Release|Win32
		{C9362B8B-B72D-44D3-89E9-3E3C98F3BBED}.Unicode_Release|Win32.Build.0 = Release|Win32
		{8B020005-A4AE-491D-BF50-DFDFB8EDEBC3}.Debug DLL|Win32.ActiveCfg = Debug|Win32
		{8B020005-A4AE-491D-BF50-DFDFB8EDEBC3}.Debug DLL|Win32.Build.0 = Debug|Win32
		{8B020005-A4AE-491D-BF50-DFDFB8EDEBC3}.Debug wx284|Win32.ActiveCfg = Debug|Win32
		{8B020005-A4AE-491D-BF50-DFDFB8EDEBC3}.Debug wx284|Win32.Build.0 = Debug|Win32
		{8B020005-A4AE-491D-BF50-DFDFB8EDEBC3}.Debug|Win32.ActiveCfg = Debug|Win32
		{8B020005-A4AE-491D-BF50-DFDFB8EDEBC3}.Debug|Win32.Build.0 = Debug|Win32
		{8B020005-A4AE-491D-BF50-DFDFB8EDEBC3}.DLL ASM Debug|Win32.ActiveCfg = Debug|Win32
		{8B020005-A4AE-491D-BF50-DFDFB8EDEBC3}.DLL ASM Debug|Win32.Build.0 = Debug|Win32
		{8B020005-A4AE-491D-BF50-DFDFB8EDEBC3}.DLL ASM Release|Win32.ActiveCfg = Release|Win32
		{8B020005-A4AE-491D-BF50-DFDFB8EDEBC3}.DLL ASM Release|Win32.Build.0 = Release|Win32
		{8B020005-A4AE-491D-BF50-DFDFB8EDEBC3}.DLL Debug|Win32.ActiveCfg = Debug|Win32
		{8B020005-A4AE-491D-BF50-DFDFB8EDEBC3}.DLL Debug|Win32.Build.0 = Debug|Win32
		{8B020005-A4AE-491D-BF50-DFDFB8EDEBC3}.DLL Release|Win32.ActiveCfg = Release|Win32
		{8B020005-A4AE-491D-BF50-DFDFB8EDEBC3}.DLL Release|Win32.Build.0 = Release|Win32
		{8B020005-A4AE-491D-BF50-DFDFB8EDEBC3}.DLL VB|Win32.ActiveCfg = Debug|Win32
		{8B020005-A4AE-491D-BF50-DFDFB8EDEBC3}.DLL VB|Win32.Build.0 = Debug|Win32
		{8B020005-A4AE-491D-BF50-DFDFB8EDEBC3}.LIB ASM Debug|Win32.ActiveCfg = Debug|Win32
		{8B020005-A4AE-491D-BF50-DFDFB8EDEBC3}.LIB ASM Debug|Win32.Build.0 = Debug|Win32
		{8B020005-A4AE-491D-BF50-DFDFB8EDEBC3}.LIB ASM Release|Win32.ActiveCfg = Release|Win32
		{8B020005-A4AE-491D-BF50-DFDFB8EDEBC3}.LIB ASM Release|Win32.Build.0 = Release|Win32
		{8B020005-A4AE-491D-BF50-DFDFB8EDEBC3}.LIB Debug|Win32.ActiveCfg = Debug|Win32
		{8B020005-A4AE-491D-BF50-DFDFB8EDEBC3}.LIB Debug|Win32.Build.0 = Debug|Win32
		{8B020005-A4AE-491D-BF50-DFDFB8EDEBC3}.LIB Release|Win32.ActiveCfg = Release|Win32
		{8B020005-A4AE-491D-BF50-DFDFB8EDEBC3}.LIB Release|Win32.Build.0 = Release|Win32
		{8B020005-A4AE-491D-BF50-DFDFB8EDEBC3}.Modular_Release|Win32.ActiveCfg = Release|Win32
		{8B020005-A4AE-491D-BF50-DFDFB8EDEBC3}.Modular_Release|Win32.Build.0 = Release|Win32
		{8B020005-A4AE-491D-BF50-DFDFB8EDEBC3}.Release|Win32.ActiveCfg = Release|Win32
		{8B020005-A4AE-491D-BF50-DFDFB8EDEBC3}.Release|Win32.Build.0 = Release|Win32
		{8B020005-A4AE-491D-BF50-DFDFB8EDEBC3}.Unicode Debug|Win32.ActiveCfg = Debug|Win32
		{8B020005-A4AE-491D-BF50-DFDFB8EDEBC3}.Unicode Debug|Win32.Build.0 = Debug|Win32
		{8B020005-A4AE-491D-BF50-DFDFB8EDEBC3}.Unicode Release|Win32.ActiveCfg = Release|Win32
		{8B020005-A4AE-491D-BF50-DFDFB8EDEBC3}.Unicode Release|Win32.Build.0 = Release|Win32
		{8B020005-A4AE-491D-BF50-DFDFB8EDEBC3}.Unicode_Debug|Win32.ActiveCfg = Debug|Win32
		{8B020005-A4AE-491D-BF50-DFDFB8EDEBC3}.Unicode_Debug|Win32.Build.0 = Debug|Win32
		{8B020005-A4AE-491D-BF50-DFDFB8EDEBC3}.Unicode_Release|Win32.ActiveCfg = Release|Win32
		{8B020005-A4AE-491D-BF50-DFDFB8EDEBC3}.Unicode_Release|Win32.Build.0 = Release|Win32
		{A260D2AA-7DB6-4630-A3CB-65B7C4589263}.Debug DLL|Win32.ActiveCfg = Debug|Win32
		{A260D2AA-7DB6-4630-A3CB-65B7C4589263}.Debug DLL|Win32.Build.0 = Debug|Win32
		{A260D2AA-7DB6-4630-A3CB-65B7C4589263}.Debug wx284|Win32.ActiveCfg = Debug|Win32
		{A260D2AA-7DB6-4630-A3CB-65B7C4589263}.Debug wx284|Win32.Build.0 = Debug|Win32
		{A260D2AA-7DB6-4630-A3CB-65B7C4589263}.Debug|Win32.ActiveCfg = Debug|Win32
		{A260D2AA-7DB6-4630-A3CB-65B7C4589263}.DLL ASM Debug|Win32.ActiveCfg = Debug|Win32
		{A260D2AA-7DB6-4630-A3CB-65B7C4589263}.DLL ASM Debug|Win32.Build.0 = Debug|Win32
		{A260D2AA-7DB6-4630-A3CB-65B7C4589263}.DLL ASM Release|Win32.ActiveCfg = Release|Win32
		{A260D2AA-7DB6-4630-A3CB-65B7C4589263}.DLL ASM Release|Win32.Build.0 = Release|Win32
		{A260D2AA-7DB6-4630-A3CB-65B7C4589263}.DLL Debug|Win32.ActiveCfg = Debug|Win32
		{A260D2AA-7DB6-4630-A3CB-65B7C4589263}.DLL Debug|Win32.Build.0 = Debug|Win32
		{A260D2AA-7DB6-4630-A3CB-65B7C4589263}.DLL Release|Win32.ActiveCfg = Release|Win32
		{A260D2AA-7DB6-4630-A3CB-65B7C4589263}.DLL Release|Win32.Build.0 = Release|Win32
		{A260D2AA-7DB6-4630-A3CB-65B7C4589263}.DLL VB|Win32.ActiveCfg = Debug|Win32
		{A260D2AA-7DB6-4630-A3CB-65B7C4589263}.DLL VB|Win32.Build.0 = Debug|Win32
		{A260D2AA-7DB6-4630-A3CB-65B7C4589263}.LIB ASM Debug|Win32.ActiveCfg = Debug|Win32
		{A260D2AA-7DB6-4630-A3CB-65B7C4589263}.LIB ASM Debug|Win32.Build.0 = Debug|Win32
		{A260D2AA-7DB6-4630-A3CB-65B7C4589263}.LIB ASM Release|Win32.ActiveCfg = Release|Win32
		{A260D2AA-7DB6-4630-A3CB-65B7C4589263}.LIB ASM Release|Win32.Build.0 = Release|Win32
		{A260D2AA-7DB6-4630-A3CB-65B7C4589263}.LIB Debug|Win32.ActiveCfg = Debug|Win32
		{A260D2AA-7DB6-4630-A3CB-65B7C4589263}.LIB Debug|Win32.Build.0 = Debug|Win32
		{A260D2AA-7DB6-4630-A3CB-65B7C4589263}.LIB Release|Win32.ActiveCfg = Release|Win32
		{A260D2AA-7DB6-4630-A3CB-65B7C4589263}.LIB Release|Win32.Build.0 = Release|Win32
		{A260D2AA-7DB6-4630-A3CB-65B7C4589263}.Modular_Release|Win32.ActiveCfg = Release|Win32
		{A260D2AA-7DB6-4630-A3CB-65B7C4589263}.Modular_Release|Win32.Build.0 = Release|Win32
		{A260D2AA-7DB6-4630-A3CB-65B7C4589263}.Release|Win32.ActiveCfg = Release|Win32
		{A260D2AA-7DB6-4630-A3CB-65B7C4589263}.Release|Win32.Build.0 = Release|Win32
		{A260D2AA-7DB6-4630-A3CB-65B7C4589263}.Unicode Debug|Win32.ActiveCfg = Debug|Win32
		{A260D2AA-7DB6-4630-A3CB-65B7C4589263}.Unicode Debug|Win32.Build.0 = Debug|Win32
		{A260D2AA-7DB6-4630-A3CB-65B7C4589263}.Unicode Release|Win32.ActiveCfg = Release|Win32
		{A260D2AA-7DB6-4630-A3CB-65B7C4589263}.Unicode Release|Win32.Build.0 = Release|Win32
		{A260D2AA-7DB6-4630-A3CB-65B7C4589263}.Unicode_Debug|Win32.ActiveCfg = Debug|Win32
		{A260D2AA-7DB6-4630-A3CB-65B7C4589263}.Unicode_Debug|Win32.Build.0 = Debug|Win32
		{A260D2AA-7DB6-4630-A3CB-65B7C4589263}.Unicode_Release|Win32.ActiveCfg = Release|Win32
		{A260D2AA-7DB6-4630-A3CB-65B7C4589263}.Unicode_Release|Win32.Build.0 = Release|Win32
		{15F52885-3C6A-4878-B678-E1B08C0B46DC}.Debug DLL|Win32.ActiveCfg = Debug|Win32
		{15F52885-3C6A-4878-B678-E1B08C0B46DC}.Debug DLL|Win32.Build.0 = Debug|Win32
		{15F52885-3C6A-4878-B678-E1B08C0B46DC}.Debug wx284|Win32.ActiveCfg = Debug|Win32
		{15F52885-3C6A-4878-B678-E1B08C0B46DC}.Debug wx284|Win32.Build.0 = Debug|Win32
		{15F52885-3C6A-4878-B678-E1B08C0B46DC}.Debug|Win32.ActiveCfg = Debug|Win32
		{15F52885-3C6A-4878-B678-E1B08C0B46DC}.Debug|Win32.Build.0 = Debug|Win32
		{15F52885-3C6A-4878-B678-E1B08C0B46DC}.DLL ASM Debug|Win32.ActiveCfg = Debug|Win32
		{15F52885-3C6A-4878-B678-E1B08C0B46DC}.DLL ASM Debug|Win32.Build.0 = Debug|Win32
		{15F52885-3C6A-4878-B678-E1B08C0B46DC}.DLL ASM Release|Win32.ActiveCfg = Release|Win32
		{15F52885-3C6A-4878-B678-E1B08C0B46DC}.DLL ASM Release|Win32.Build.0 = Release|Win32
		{15F52885-3C6A-4878-B678-E1B08C0B46DC}.DLL Debug|Win32.ActiveCfg = Debug|Win32
		{15F52885-3C6A-4878-B678-E1B08C0B46DC}.DLL Debug|Win32.Build.0 = Debug|Win32
		{15F52885-3C6A-4878-B678-E1B08C0B46DC}.DLL Release|Win32.ActiveCfg = Release|Win32
		{15F52885-3C6A-4878-B678-E1B08C0B46DC}.DLL Release|Win32.Build.0 = Release|Win32
		{15F52885-3C6A-4878-B678-E1B08C0B46DC}.DLL VB|Win32.ActiveCfg = Debug|Win32
		{15F52885-3C6A-4878-B678-E1B08C0B46DC}.DLL VB|Win32.Build.0 = Debug|Win32
		{15F52885-3C6A-4878-B678-E1B08C0B46DC}.LIB ASM Debug|Win32.ActiveCfg = Debug|Win32
		{15F52885-3C6A-4878-B678-E1B08C0B46DC}.LIB ASM Debug|Win32.Build.0 = Debug|Win32
		{15F52885-3C6A-4878-B678-E1B08C0B46DC}.LIB ASM Release|Win32.ActiveCfg = Release|Win32
		{15F52885-3C6A-4878-B678-E1B08C0B46DC}.LIB ASM Release|Win32.Build.0 = Release|Win32
		{15F52885-3C6A-4878-B678-E1B08C0B46DC}.LIB Debug|Win32.ActiveCfg = Debug|Win32
		{15F52885-3C6A-4878-B678-E1B08C0B46DC}.LIB Debug|Win32.Build.0 = Debug|Win32
		{15F52885-3C6A-4878-B678-E1B08C0B46DC}.LIB Release|Win32.ActiveCfg = Release|Win32
		{15F52885-3C6A-4878-B678-E1B08C0B46DC}.LIB Release|Win32.Build.0 = Release|Win32
		{15F52885-3C6A-4878-B678-E1B08C0B46DC}.Modular_Release|Win32.ActiveCfg = Release|Win32
		{15F52885-3C6A-4878-B678-E1B08C0B46DC}.Modular_Release|Win32.Build.0 = Release|Win32
		{15F52885-3C6A-4878-B678-E1B08C0B46DC}.Release|Win32.ActiveCfg = Release|Win32
		{15F52885-3C6A-4878-B678-E1B08C0B46DC}.Release|Win32.Build.0 = Release|Win32
		{15F52885-3C6A-4878-B678-E1B08C0B46DC}.Unicode Debug|Win32.ActiveCfg = Debug|Win32
		{15F52885-3C6A-4878-B678-E1B08C0B46DC}.Unicode Debug|Win32.Build.0 = Debug|Win32
		{15F52885-3C6A-4878-B678-E1B08C0B46DC}.Unicode Release|Win32.ActiveCfg = Release|Win32
		{15F52885-3C6A-4878-B678-E1B08C0B46DC}.Unicode Release|Win32.Build.0 = Release|Win32
		{15F52885-3C6A-4878-B678-E1B08C0B46DC}.Unicode_Debug|Win32.ActiveCfg = Debug|Win32
		{15F52885-3C6A-4878-B678-E1B08C0B46DC}.Unicode_Debug|Win32.Build.0 = Debug|Win32
		{15F52885-3C6A-4878-B678-E1B08C0B46DC}.Unicode_Release|Win32.ActiveCfg = Release|Win32
		{15F52885-3C6A-4878-B678-E1B08C0B46DC}.Unicode_Release|Win32.Build.0 = Release|Win32
		{B76D33C0-57C2-4F60-B476-D85E668AB60B}.Debug DLL|Win32.ActiveCfg = LIB Debug|Win32
		{B76D33C0-57C2-4F60-B476-D85E668AB60B}.Debug DLL|Win32.Build.0 = LIB Debug|Win32
		{B76D33C0-57C2-4F60-B476-D85E668AB60B}.Debug wx284|Win32.ActiveCfg = DLL ASM Debug|Win32
		{B76D33C0-57C2-4F60-B476-D85E668AB60B}.Debug wx284|Win32.Build.0 = DLL ASM Debug|Win32
		{B76D33C0-57C2-4F60-B476-D85E668AB60B}.Debug|Win32.ActiveCfg = LIB Debug|Win32
		{B76D33C0-57C2-4F60-B476-D85E668AB60B}.Debug|Win32.Build.0 = LIB Debug|Win32
		{B76D33C0-57C2-4F60-B476-D85E668AB60B}.DLL ASM Debug|Win32.ActiveCfg = DLL ASM Debug|Win32
		{B76D33C0-57C2-4F60-B476-D85E668AB60B}.DLL ASM Debug|Win32.Build.0 = DLL ASM Debug|Win32
		{B76D33C0-57C2-4F60-B476-D85E668AB60B}.DLL ASM Release|Win32.ActiveCfg = DLL ASM Release|Win32
		{B76D33C0-57C2-4F60-B476-D85E668AB60B}.DLL ASM Release|Win32.Build.0 = DLL ASM Release|Win32
		{B76D33C0-57C2-4F60-B476-D85E668AB60B}.DLL Debug|Win32.ActiveCfg = DLL Debug|Win32
		{B76D33C0-57C2-4F60-B476-D85E668AB60B}.DLL Debug|Win32.Build.0 = DLL Debug|Win32
		{B76D33C0-57C2-4F60-B476-D85E668AB60B}.DLL Release|Win32.ActiveCfg = DLL Release|Win32
		{B76D33C0-57C2-4F60-B476-D85E668AB60B}.DLL Release|Win32.Build.0 = DLL Release|Win32
		{B76D33C0-57C2-4F60-B476-D85E668AB60B}.DLL VB|Win32.ActiveCfg = DLL VB|Win32
		{B76D33C0-57C2-4F60-B476-D85E668AB60B}.DLL VB|Win32.Build.0 = DLL VB|Win32
		{B76D33C0-57C2-4F60-B476-D85E668AB60B}.LIB ASM Debug|Win32.ActiveCfg = LIB ASM Debug|Win32
		{B76D33C0-57C2-4F60-B476-D85E668AB60B}.LIB ASM Debug|Win32.Build.0 = LIB ASM Debug|Win32
		{B76D33C0-57C2-4F60-B476-D85E668AB60B}.LIB ASM Release|Win32.ActiveCfg = LIB ASM Release|Win32
		{B76D33C0-57C2-4F60-B476-D85E668AB60B}.LIB ASM Release|Win32.Build.0 = LIB ASM Release|Win32
		{B76D33C0-57C2-4F60-B476-D85E668AB60B}.LIB Debug|Win32.ActiveCfg = LIB Debug|Win32
		{B76D33C0-57C2-4F60-B476-D85E668AB60B}.LIB Debug|Win32.Build.0 = LIB Debug|Win32
		{B76D33C0-57C2-4F60-B476-D85E668AB60B}.LIB Release|Win32.ActiveCfg = LIB Release|Win32
		{B76D33C0-57C2-4F60-B476-D85E668AB60B}.LIB Release|Win32.Build.0 = LIB Release|Win32
		{B76D33C0-57C2-4F60-B476-D85E668AB60B}.Modular_Release|Win32.ActiveCfg = LIB ASM Debug|Win32
		{B76D33C0-57C2-4F60-B476-D85E668AB60B}.Modular_Release|Win32.Build.0 = LIB ASM Debug|Win32
		{B76D33C0-57C2-4F60-B476-D85E668AB60B}.Release|Win32.ActiveCfg = LIB Release|Win32
		{B76D33C0-57C2-4F60-B476-D85E668AB60B}.Release|Win32.Build.0 = LIB Release|Win32
		{B76D33C0-57C2-4F60-B476-D85E668AB60B}.Unicode Debug|Win32.ActiveCfg = LIB ASM Debug|Win32
		{B76D33C0-57C2-4F60-B476-D85E668AB60B}.Unicode Debug|Win32.Build.0 = LIB ASM Debug|Win32
		{B76D33C0-57C2-4F60-B476-D85E668AB60B}.Unicode Release|Win32.ActiveCfg = LIB ASM Debug|Win32
		{B76D33C0-57C2-4F60-B476-D85E668AB60B}.Unicode Release|Win32.Build.0 = LIB ASM Debug|Win32
		{B76D33C0-57C2-4F60-B476-D85E668AB60B}.Unicode_Debug|Win32.ActiveCfg = LIB ASM Debug|Win32
		{B76D33C0-57C2-4F60-B476-D85E668AB60B}.Unicode_Debug|Win32.Build.0 = LIB ASM Debug|Win32
		{B76D33C0-57C2-4F60-B476-D85E668AB60B}.Unicode_Release|Win32.ActiveCfg = LIB ASM Debug|Win32
		{B76D33C0-57C2-4F60-B476-D85E668AB60B}.Unicode_Release|Win32.Build.0 = LIB ASM Debug|Win32
		{290E7C56-A880-42CF-9F2A-B90BDF7B91CE}.Debug DLL|Win32.ActiveCfg = LIB Debug|Win32
		{290E7C56-A880-42CF-9F2A-B90BDF7B91CE}.Debug DLL|Win32.Build.0 = LIB Debug|Win32
		{290E7C56-A880-42CF-9F2A-B90BDF7B91CE}.Debug wx284|Win32.ActiveCfg = DLL Debug|Win32
		{290E7C56-A880-42CF-9F2A-B90BDF7B91CE}.Debug wx284|Win32.Build.0 = DLL Debug|Win32
		{290E7C56-A880-42CF-9F2A-B90BDF7B91CE}.Debug|Win32.ActiveCfg = LIB Debug|Win32
		{290E7C56-A880-42CF-9F2A-B90BDF7B91CE}.Debug|Win32.Build.0 = LIB Debug|Win32
		{290E7C56-A880-42CF-9F2A-B90BDF7B91CE}.DLL ASM Debug|Win32.ActiveCfg = DLL ASM Debug|Win32
		{290E7C56-A880-42CF-9F2A-B90BDF7B91CE}.DLL ASM Debug|Win32.Build.0 = DLL ASM Debug|Win32
		{290E7C56-A880-42CF-9F2A-B90BDF7B91CE}.DLL ASM Release|Win32.ActiveCfg = DLL ASM Release|Win32
		{290E7C56-A880-42CF-9F2A-B90BDF7B91CE}.DLL ASM Release|Win32.Build.0 = DLL ASM Release|Win32
		{290E7C56-A880-42CF-9F2A-B90BDF7B91CE}.DLL Debug|Win32.ActiveCfg = DLL Debug|Win32
		{290E7C56-A880-42CF-9F2A-B90BDF7B91CE}.DLL Debug|Win32.Build.0 = DLL Debug|Win32
		{290E7C56-A880-42CF-9F2A-B90BDF7B91CE}.DLL Release|Win32.ActiveCfg = DLL Release|Win32
		{290E7C56-A880-42CF-9F2A-B90BDF7B91CE}.DLL Release|Win32.Build.0 = DLL Release|Win32
		{290E7C56-A880-42CF-9F2A-B90BDF7B91CE}.DLL VB|Win32.ActiveCfg = DLL Debug|Win32
		{290E7C56-A880-42CF-9F2A-B90BDF7B91CE}.DLL VB|Win32.Build.0 = DLL Debug|Win32
		{290E7C56-A880-42CF-9F2A-B90BDF7B91CE}.LIB ASM Debug|Win32.ActiveCfg = LIB ASM Debug|Win32
		{290E7C56-A880-42CF-9F2A-B90BDF7B91CE}.LIB ASM Debug|Win32.Build.0 = LIB ASM Debug|Win32
		{290E7C56-A880-42CF-9F2A-B90BDF7B91CE}.LIB ASM Release|Win32.ActiveCfg = LIB ASM Release|Win32
		{290E7C56-A880-42CF-9F2A-B90BDF7B91CE}.LIB ASM Release|Win32.Build.0 = LIB ASM Release|Win32
		{290E7C56-A880-42CF-9F2A-B90BDF7B91CE}.LIB Debug|Win32.ActiveCfg = LIB Debug|Win32
		{290E7C56-A880-42CF-9F2A-B90BDF7B91CE}.LIB Debug|Win32.Build.0 = LIB Debug|Win32
		{290E7C56-A880-42CF-9F2A-B90BDF7B91CE}.LIB Release|Win32.ActiveCfg = LIB Release|Win32
		{290E7C56-A880-42CF-9F2A-B90BDF7B91CE}.LIB Release|Win32.Build.0 = LIB Release|Win32
		{290E7C56-A880-42CF-9F2A-B90BDF7B91CE}.Modular_Release|Win32.ActiveCfg = LIB ASM Release|Win32
		{290E7C56-A880-42CF-9F2A-B90BDF7B91CE}.Modular_Release|Win32.Build.0 = LIB ASM Release|Win32
		{290E7C56-A880-42CF-9F2A-B90BDF7B91CE}.Release|Win32.ActiveCfg = LIB Release|Win32
		{290E7C56-A880-42CF-9F2A-B90BDF7B91CE}.Release|Win32.Build.0 = LIB Release|Win32
		{290E7C56-A880-42CF-9F2A-B90BDF7B91CE}.Unicode Debug|Win32.ActiveCfg = LIB ASM Release|Win32
		{290E7C56-A880-42CF-9F2A-B90BDF7B91CE}.Unicode Debug|Win32.Build.0 = LIB ASM Release|Win32
		{290E7C56-A880-42CF-9F2A-B90BDF7B91CE}.Unicode Release|Win32.ActiveCfg = LIB ASM Release|Win32
		{290E7C56-A880-42CF-9F2A-B90BDF7B91CE}.Unicode Release|Win32.Build.0 = LIB ASM Release|Win32
		{290E7C56-A880-42CF-9F2A-B90BDF7B91CE}.Unicode_Debug|Win32.ActiveCfg = LIB ASM Release|Win32
		{290E7C56-A880-42CF-9F2A-B90BDF7B91CE}.Unicode_Debug|Win32.Build.0 = LIB ASM Release|Win32
		{290E7C56-A880-42CF-9F2A-B90BDF7B91CE}.Unicode_Release|Win32.ActiveCfg = LIB ASM Release|Win32
		{290E7C56-A880-42CF-9F2A-B90BDF7B91CE}.Unicode_Release|Win32.Build.0 = LIB ASM Release|Win32
		{74635DE6-DD14-4BAD-B820-A7531766D78E}.Debug DLL|Win32.ActiveCfg = Debug|Win32
		{74635DE6-DD14-4BAD-B820-A7531766D78E}.Debug DLL|Win32.Build.0 = Debug|Win32
		{74635DE6-DD14-4BAD-B820-A7531766D78E}.Debug wx284|Win32.ActiveCfg = Debug|Win32
		{74635DE6-DD14-4BAD-B820-A7531766D78E}.Debug wx284|Win32.Build.0 = Debug|Win32
		{74635DE6-DD14-4BAD-B820-A7531766D78E}.Debug|Win32.ActiveCfg = Debug|Win32
		{74635DE6-DD14-4BAD-B820-A7531766D78E}.Debug|Win32.Build.0 = Debug|Win32
		{74635DE6-DD14-4BAD-B820-A7531766D78E}.DLL ASM Debug|Win32.ActiveCfg = Debug|Win32
		{74635DE6-DD14-4BAD-B820-A7531766D78E}.DLL ASM Debug|Win32.Build.0 = Debug|Win32
		{74635DE6-DD14-4BAD-B820-A7531766D78E}.DLL ASM Release|Win32.ActiveCfg = Release|Win32
		{74635DE6-DD14-4BAD-B820-A7531766D78E}.DLL ASM Release|Win32.Build.0 = Release|Win32
		{74635DE6-DD14-4BAD-B820-A7531766D78E}.DLL Debug|Win32.ActiveCfg = Debug|Win32
		{74635DE6-DD14-4BAD-B820-A7531766D78E}.DLL Debug|Win32.Build.0 = Debug|Win32
		{74635DE6-DD14-4BAD-B820-A7531766D78E}.DLL Release|Win32.ActiveCfg = Release|Win32
		{74635DE6-DD14-4BAD-B820-A7531766D78E}.DLL Release|Win32.Build.0 = Release|Win32
		{74635DE6-DD14-4BAD-B820-A7531766D78E}.DLL VB|Win32.ActiveCfg = Debug|Win32
		{74635DE6-DD14-4BAD-B820-A7531766D78E}.DLL VB|Win32.Build.0 = Debug|Win32
		{74635DE6-DD14-4BAD-B820-A7531766D78E}.LIB ASM Debug|Win32.ActiveCfg = Debug|Win32
		{74635DE6-DD14-4BAD-B820-A7531766D78E}.LIB ASM Debug|Win32.Build.0 = Debug|Win32
		{74635DE6-DD14-4BAD-B820-A7531766D78E}.LIB ASM Release|Win32.ActiveCfg = Release|Win32
		{74635DE6-DD14-4BAD-B820-A7531766D78E}.LIB ASM Release|Win32.Build.0 = Release|Win32
		{74635DE6-DD14-4BAD-B820-A7531766D78E}.LIB Debug|Win32.ActiveCfg = Debug|Win32
		{74635DE6-DD14-4BAD-B820-A7531766D78E}.LIB Debug|Win32.Build.0 = Debug|Win32
		{74635DE6-DD14-4BAD-B820-A7531766D78E}.LIB Release|Win32.ActiveCfg = Release|Win32
		{74635DE6-DD14-4BAD-B820-A7531766D78E}.LIB Release|Win32.Build.0 = Release|Win32
		{74635DE6-DD14-4BAD-B820-A7531766D78E}.Modular_Release|Win32.ActiveCfg = Release|Win32
		{74635DE6-DD14-4BAD-B820-A7531766D78E}.Modular_Release|Win32.Build.0 = Release|Win32
		{74635DE6-DD14-4BAD-B820-A7531766D78E}.Release|Win32.ActiveCfg = Release|Win32
		{74635DE6-DD14-4BAD-B820-A7531766D78E}.Release|Win32.Build.0 = Release|Win32
		{74635DE6-DD14-4BAD-B820-A7531766D78E}.Unicode Debug|Win32.ActiveCfg = Debug|Win32
		{74635DE6-DD14-4BAD-B820-A7531766D78E}.Unicode Debug|Win32.Build.0 = Debug|Win32
		{74635DE6-DD14-4BAD-B820-A7531766D78E}.Unicode Release|Win32.ActiveCfg = Release|Win32
		{74635DE6-DD14-4BAD-B820-A7531766D78E}.Unicode Release|Win32.Build.0 = Release|Win32
		{74635DE6-DD14-4BAD-B820-A7531766D78E}.Unicode_Debug|Win32.ActiveCfg = Debug|Win32
		{74635DE6-DD14-4BAD-B820-A7531766D78E}.Unicode_Debug|Win32.Build.0 = Debug|Win32
		{74635DE6-DD14-4BAD-B820-A7531766D78E}.Unicode_Release|Win32.ActiveCfg = Release|Win32
		{74635DE6-DD14-4BAD-B820-A7531766D78E}.Unicode_Release|Win32.Build.0 = Release|Win32
		{F4B4A272-4ED3-4951-A6EE-B7BAAC1C4952}.Debug DLL|Win32.ActiveCfg = Debug|Win32
		{F4B4A272-4ED3-4951-A6EE-B7BAAC1C4952}.Debug DLL|Win32.Build.0 = Debug|Win32
		{F4B4A272-4ED3-4951-A6EE-B7BAAC1C4952}.Debug wx284|Win32.ActiveCfg = Debug wx284|Win32
		{F4B4A272-4ED3-4951-A6EE-B7BAAC1C4952}.Debug wx284|Win32.Build.0 = Debug wx284|Win32
		{F4B4A272-4ED3-4951-A6EE-B7BAAC1C4952}.Debug|Win32.ActiveCfg = Debug|Win32
		{F4B4A272-4ED3-4951-A6EE-B7BAAC1C4952}.Debug|Win32.Build.0 = Debug|Win32
		{F4B4A272-4ED3-4951-A6EE-B7BAAC1C4952}.DLL ASM Debug|Win32.ActiveCfg = Debug|Win32
		{F4B4A272-4ED3-4951-A6EE-B7BAAC1C4952}.DLL ASM Debug|Win32.Build.0 = Debug|Win32
		{F4B4A272-4ED3-4951-A6EE-B7BAAC1C4952}.DLL ASM Release|Win32.ActiveCfg = Release|Win32
		{F4B4A272-4ED3-4951-A6EE-B7BAAC1C4952}.DLL ASM Release|Win32.Build.0 = Release|Win32
		{F4B4A272-4ED3-4951-A6EE-B7BAAC1C4952}.DLL Debug|Win32.ActiveCfg = Debug|Win32
		{F4B4A272-4ED3-4951-A6EE-B7BAAC1C4952}.DLL Debug|Win32.Build.0 = Debug|Win32
		{F4B4A272-4ED3-4951-A6EE-B7BAAC1C4952}.DLL Release|Win32.ActiveCfg = Release|Win32
		{F4B4A272-4ED3-4951-A6EE-B7BAAC1C4952}.DLL Release|Win32.Build.0 = Release|Win32
		{F4B4A272-4ED3-4951-A6EE-B7BAAC1C4952}.DLL VB|Win32.ActiveCfg = Debug wx284|Win32
		{F4B4A272-4ED3-4951-A6EE-B7BAAC1C4952}.DLL VB|Win32.Build.0 = Debug wx284|Win32
		{F4B4A272-4ED3-4951-A6EE-B7BAAC1C4952}.LIB ASM Debug|Win32.ActiveCfg = Debug|Win32
		{F4B4A272-4ED3-4951-A6EE-B7BAAC1C4952}.LIB ASM Debug|Win32.Build.0 = Debug|Win32
		{F4B4A272-4ED3-4951-A6EE-B7BAAC1C4952}.LIB ASM Release|Win32.ActiveCfg = Release|Win32
		{F4B4A272-4ED3-4951-A6EE-B7BAAC1C4952}.LIB ASM Release|Win32.Build.0 = Release|Win32
		{F4B4A272-4ED3-4951-A6EE-B7BAAC1C4952}.LIB Debug|Win32.ActiveCfg = Debug|Win32
		{F4B4A272-4ED3-4951-A6EE-B7BAAC1C4952}.LIB Debug|Win32.Build.0 = Debug|Win32
		{F4B4A272-4ED3-4951-A6EE-B7BAAC1C4952}.LIB Release|Win32.ActiveCfg = Release|Win32
		{F4B4A272-4ED3-4951-A6EE-B7BAAC1C4952}.LIB Release|Win32.Build.0 = Release|Win32
		{F4B4A272-4ED3-4951-A6EE-B7BAAC1C4952}.Modular_Release|Win32.ActiveCfg = Modular_Release|Win32
		{F4B4A272-4ED3-4951-A6EE-B7BAAC1C4952}.Modular_Release|Win32.Build.0 = Modular_Release|Win32
		{F4B4A272-4ED3-4951-A6EE-B7BAAC1C4952}.Release|Win32.ActiveCfg = Release|Win32
		{F4B4A272-4ED3-4951-A6EE-B7BAAC1C4952}.Release|Win32.Build.0 = Release|Win32
		{F4B4A272-4ED3-4951-A6EE-B7BAAC1C4952}.Unicode Debug|Win32.ActiveCfg = Debug|Win32
		{F4B4A272-4ED3-4951-A6EE-B7BAAC1C4952}.Unicode Debug|Win32.Build.0 = Debug|Win32
		{F4B4A272-4ED3-4951-A6EE-B7BAAC1C4952}.Unicode Release|Win32.ActiveCfg = Release|Win32
		{F4B4A272-4ED3-4951-A6EE-B7BAAC1C4952}.Unicode Release|Win32.Build.0 = Release|Win32
		{F4B4A272-4ED3-4951-A6EE-B7BAAC1C4952}.Unicode_Debug|Win32.ActiveCfg = Unicode_Debug|Win32
		{F4B4A272-4ED3-4951-A6EE-B7BAAC1C4952}.Unicode_Debug|Win32.Build.0 = Unicode_Debug|Win32
		{F4B4A272-4ED3-4951-A6EE-B7BAAC1C4952}.Unicode_Release|Win32.ActiveCfg = Unicode_Release|Win32
		{F4B4A272-4ED3-4951-A6EE-B7BAAC1C4952}.Unicode_Release|Win32.Build.0 = Unicode_Release|Win32
		{2D6A5EE8-179C-43AB-B92F-00057911E102}.Debug DLL|Win32.ActiveCfg = Debug|Win32
		{2D6A5EE8-179C-43AB-B92F-00057911E102}.Debug DLL|Win32.Build.0 = Debug|Win32
		{2D6A5EE8-179C-43AB-B92F-00057911E102}.Debug wx284|Win32.ActiveCfg = Debug|Win32
		{2D6A5EE8-179C-43AB-B92F-00057911E102}.Debug wx284|Win32.Build.0 = Debug|Win32
		{2D6A5EE8-179C-43AB-B92F-00057911E102}.Debug|Win32.ActiveCfg = Debug|Win32
		{2D6A5EE8-179C-43AB-B92F-00057911E102}.Debug|Win32.Build.0 = Debug|Win32
		{2D6A5EE8-179C-43AB-B92F-00057911E102}.DLL ASM Debug|Win32.ActiveCfg = Debug|Win32
		{2D6A5EE8-179C-43AB-B92F-00057911E102}.DLL ASM Debug|Win32.Build.0 = Debug|Win32
		{2D6A5EE8-179C-43AB-B92F-00057911E102}.DLL ASM Release|Win32.ActiveCfg = Release|Win32
		{2D6A5EE8-179C-43AB-B92F-00057911E102}.DLL ASM Release|Win32.Build.0 = Release|Win32
		{2D6A5EE8-179C-43AB-B92F-00057911E102}.DLL Debug|Win32.ActiveCfg = Debug|Win32
		{2D6A5EE8-179C-43AB-B92F-00057911E102}.DLL Debug|Win32.Build.0 = Debug|Win32
		{2D6A5EE8-179C-43AB-B92F-00057911E102}.DLL Release|Win32.ActiveCfg = Release|Win32
		{2D6A5EE8-179C-43AB-B92F-00057911E102}.DLL Release|Win32.Build.0 = Release|Win32
		{2D6A5EE8-179C-43AB-B92F-00057911E102}.DLL VB|Win32.ActiveCfg = Debug|Win32
		{2D6A5EE8-179C-43AB-B92F-00057911E102}.DLL VB|Win32.Build.0 = Debug|Win32
		{2D6A5EE8-179C-43AB-B92F-00057911E102}.LIB ASM Debug|Win32.ActiveCfg = Debug|Win32
		{2D6A5EE8-179C-43AB-B92F-00057911E102}.LIB ASM Debug|Win32.Build.0 = Debug|Win32
		{2D6A5EE8-179C-43AB-B92F-00057911E102}.LIB ASM Release|Win32.ActiveCfg = Release|Win32
		{2D6A5EE8-179C-43AB-B92F-00057911E102}.LIB ASM Release|Win32.Build.0 = Release|Win32
		{2D6A5EE8-179C-43AB-B92F-00057911E102}.LIB Debug|Win32.ActiveCfg = Debug|Win32
		{2D6A5EE8-179C-43AB-B92F-00057911E102}.LIB Debug|Win32.Build.0 = Debug|Win32
		{2D6A5EE8-179C-43AB-B92F-00057911E102}.LIB Release|Win32.ActiveCfg = Release|Win32
		{2D6A5EE8-179C-43AB-B92F-00057911E102}.LIB Release|Win32.Build.0 = Release|Win32
		{2D6A5EE8-179C-43AB-B92F-00057911E102}.Modular_Release|Win32.ActiveCfg = Release|Win32
		{2D6A5EE8-179C-43AB-B92F-00057911E102}.Modular_Release|Win32.Build.0 = Release|Win32
		{2D6A5EE8-179C-43AB-B92F-00057911E102}.Release|Win32.ActiveCfg = Release|Win32
		{2D6A5EE8-179C-43AB-B92F-00057911E102}.Release|Win32.Build.0 = Release|Win32
		{2D6A5EE8-179C-43AB-B92F-00057911E102}.Unicode Debug|Win32.ActiveCfg = Debug|Win32
		{2D6A5EE8-179C-43AB-B92F-00057911E102}.Unicode Debug|Win32.Build.0 = Debug|Win32
		{2D6A5EE8-179C-43AB-B92F-00057911E102}.Unicode Release|Win32.ActiveCfg = Release|Win32
		{2D6A5EE8-179C-43AB-B92F-00057911E102}.Unicode Release|Win32.Build.0 = Release|Win32
		{2D6A5EE8-179C-43AB-B92F-00057911E102}.Unicode_Debug|Win32.ActiveCfg = Debug|Win32
		{2D6A5EE8-179C-43AB-B92F-00057911E102}.Unicode_Debug|Win32.Build.0 = Debug|Win32
		{2D6A5EE8-179C-43AB-B92F-00057911E102}.Unicode_Release|Win32.ActiveCfg = Release|Win32
		{2D6A5EE8-179C-43AB-B92F-00057911E102}.Unicode_Release|Win32.Build.0 = Release|Win32
		{7ABA0F80-94AE-4E82-AB89-2E1258212D59}.Debug DLL|Win32.ActiveCfg = Debug|Win32
		{7ABA0F80-94AE-4E82-AB89-2E1258212D59}.Debug DLL|Win32.Build.0 = Debug|Win32
		{7ABA0F80-94AE-4E82-AB89-2E1258212D59}.Debug wx284|Win32.ActiveCfg = Debug|Win32
		{7ABA0F80-94AE-4E82-AB89-2E1258212D59}.Debug wx284|Win32.Build.0 = Debug|Win32
		{7ABA0F80-94AE-4E82-AB89-2E1258212D59}.Debug|Win32.ActiveCfg = Debug|Win32
		{7ABA0F80-94AE-4E82-AB89-2E1258212D59}.Debug|Win32.Build.0 = Debug|Win32
		{7ABA0F80-94AE-4E82-AB89-2E1258212D59}.DLL ASM Debug|Win32.ActiveCfg = Debug|Win32
		{7ABA0F80-94AE-4E82-AB89-2E1258212D59}.DLL ASM Debug|Win32.Build.0 = Debug|Win32
		{7ABA0F80-94AE-4E82-AB89-2E1258212D59}.DLL ASM Release|Win32.ActiveCfg = Release|Win32
		{7ABA0F80-94AE-4E82-AB89-2E1258212D59}.DLL ASM Release|Win32.Build.0 = Release|Win32
		{7ABA0F80-94AE-4E82-AB89-2E1258212D59}.DLL Debug|Win32.ActiveCfg = Debug|Win32
		{7ABA0F80-94AE-4E82-AB89-2E1258212D59}.DLL Debug|Win32.Build.0 = Debug|Win32
		{7ABA0F80-94AE-4E82-AB89-2E1258212D59}.DLL Release|Win32.ActiveCfg = Release|Win32
		{7ABA0F80-94AE-4E82-AB89-2E1258212D59}.DLL Release|Win32.Build.0 = Release|Win32
		{7ABA0F80-94AE-4E82-AB89-2E1258212D59}.DLL VB|Win32.ActiveCfg = Debug|Win32
		{7ABA0F80-94AE-4E82-AB89-2E1258212D59}.DLL VB|Win32.Build.0 = Debug|Win32
		{7ABA0F80-94AE-4E82-AB89-2E1258212D59}.LIB ASM Debug|Win32.ActiveCfg = Debug|Win32
		{7ABA0F80-94AE-4E82-AB89-2E1258212D59}.LIB ASM Debug|Win32.Build.0 = Debug|Win32
		{7ABA0F80-94AE-4E82-AB89-2E1258212D59}.LIB ASM Release|Win32.ActiveCfg = Release|Win32
		{7ABA0F80-94AE-4E82-AB89-2E1258212D59}.LIB ASM Release|Win32.Build.0 = Release|Win32
		{7ABA0F80-94AE-4E82-AB89-2E1258212D59}.LIB Debug|Win32.ActiveCfg = Debug|Win32
		{7ABA0F80-94AE-4E82-AB89-2E1258212D59}.LIB Debug|Win32.Build.0 = Debug|Win32
		{7ABA0F80-94AE-4E82-AB89-2E1258212D59}.LIB Release|Win32.ActiveCfg = Release|Win32
		{7ABA0F80-94AE-4E82-AB89-2E1258212D59}.LIB Release|Win32.Build.0 = Release|Win32
		{7ABA0F80-94AE-4E82-AB89-2E1258212D59}.Modular_Release|Win32.ActiveCfg = Release|Win32
		{7ABA0F80-94AE-4E82-AB89-2E1258212D59}.Modular_Release|Win32.Build.0 = Release|Win32
		{7ABA0F80-94AE-4E82-AB89-2E1258212D59}.Release|Win32.ActiveCfg = Release|Win32
		{7ABA0F80-94AE-4E82-AB89-2E1258212D59}.Unicode Debug|Win32.ActiveCfg = Unicode Debug|Win32
		{7ABA0F80-94AE-4E82-AB89-2E1258212D59}.Unicode Debug|Win32.Build.0 = Unicode Debug|Win32
		{7ABA0F80-94AE-4E82-AB89-2E1258212D59}.Unicode Release|Win32.ActiveCfg = Unicode Release|Win32
		{7ABA0F80-94AE-4E82-AB89-2E1258212D59}.Unicode Release|Win32.Build.0 = Unicode Release|Win32
		{7ABA0F80-94AE-4E82-AB89-2E1258212D59}.Unicode_Debug|Win32.ActiveCfg = Debug|Win32
		{7ABA0F80-94AE-4E82-AB89-2E1258212D59}.Unicode_Debug|Win32.Build.0 = Debug|Win32
		{7ABA0F80-94AE-4E82-AB89-2E1258212D59}.Unicode_Release|Win32.ActiveCfg = Release|Win32
		{7ABA0F80-94AE-4E82-AB89-2E1258212D59}.Unicode_Release|Win32.Build.0 = Release|Win32
	EndGlobalSection
	GlobalSection(SolutionProperties) = preSolution
		HideSolutionNode = FALSE
	EndGlobalSection
EndGlobal
